// !$*UTF8*$!
{
	archiveVersion = 1;
	classes = {
	};
	objectVersion = 56;
	objects = {

/* Begin PBXBuildFile section */
		1773CA452C946CA1004FDD1C /* F2LearnApp.swift in Sources */ = {isa = PBXBuildFile; fileRef = 1773CA442C946CA1004FDD1C /* F2LearnApp.swift */; };
		1773CA472C946CA1004FDD1C /* ContentView.swift in Sources */ = {isa = PBXBuildFile; fileRef = 1773CA462C946CA1004FDD1C /* ContentView.swift */; };
		1773CA492C946CA3004FDD1C /* Assets.xcassets in Resources */ = {isa = PBXBuildFile; fileRef = 1773CA482C946CA3004FDD1C /* Assets.xcassets */; };
		1773CA4C2C946CA3004FDD1C /* Preview Assets.xcassets in Resources */ = {isa = PBXBuildFile; fileRef = 1773CA4B2C946CA3004FDD1C /* Preview Assets.xcassets */; };
		1773CA562C946CA3004FDD1C /* F2LearnTests.swift in Sources */ = {isa = PBXBuildFile; fileRef = 1773CA552C946CA3004FDD1C /* F2LearnTests.swift */; };
		1773CA602C946CA3004FDD1C /* F2LearnUITests.swift in Sources */ = {isa = PBXBuildFile; fileRef = 1773CA5F2C946CA3004FDD1C /* F2LearnUITests.swift */; };
		1773CA622C946CA3004FDD1C /* F2LearnUITestsLaunchTests.swift in Sources */ = {isa = PBXBuildFile; fileRef = 1773CA612C946CA3004FDD1C /* F2LearnUITestsLaunchTests.swift */; };
		1773CA6F2C946E5B004FDD1C /* GoogleService-Info.plist in Resources */ = {isa = PBXBuildFile; fileRef = 1773CA6E2C946E5B004FDD1C /* GoogleService-Info.plist */; };
		1773CA722C946F06004FDD1C /* FirebaseAuth in Frameworks */ = {isa = PBXBuildFile; productRef = 1773CA712C946F06004FDD1C /* FirebaseAuth */; };
		1773CA742C946F06004FDD1C /* FirebaseFirestore in Frameworks */ = {isa = PBXBuildFile; productRef = 1773CA732C946F06004FDD1C /* FirebaseFirestore */; };
		1773CA762C946F06004FDD1C /* FirebaseMessaging in Frameworks */ = {isa = PBXBuildFile; productRef = 1773CA752C946F06004FDD1C /* FirebaseMessaging */; };
		1773CA782C946F06004FDD1C /* FirebaseStorage in Frameworks */ = {isa = PBXBuildFile; productRef = 1773CA772C946F06004FDD1C /* FirebaseStorage */; };
		1773CA7F2C9475F1004FDD1C /* ColorScheme.swift in Sources */ = {isa = PBXBuildFile; fileRef = 1773CA7E2C9475F1004FDD1C /* ColorScheme.swift */; };
		1773CA812C94760D004FDD1C /* ThemeManager.swift in Sources */ = {isa = PBXBuildFile; fileRef = 1773CA802C94760D004FDD1C /* ThemeManager.swift */; };
		1773CA832C947638004FDD1C /* ColorExtensions.swift in Sources */ = {isa = PBXBuildFile; fileRef = 1773CA822C947638004FDD1C /* ColorExtensions.swift */; };
/* End PBXBuildFile section */

/* Begin PBXContainerItemProxy section */
		1773CA522C946CA3004FDD1C /* PBXContainerItemProxy */ = {
			isa = PBXContainerItemProxy;
			containerPortal = 1773CA392C946CA1004FDD1C /* Project object */;
			proxyType = 1;
			remoteGlobalIDString = 1773CA402C946CA1004FDD1C;
			remoteInfo = F2Learn;
		};
		1773CA5C2C946CA3004FDD1C /* PBXContainerItemProxy */ = {
			isa = PBXContainerItemProxy;
			containerPortal = 1773CA392C946CA1004FDD1C /* Project object */;
			proxyType = 1;
			remoteGlobalIDString = 1773CA402C946CA1004FDD1C;
			remoteInfo = F2Learn;
		};
/* End PBXContainerItemProxy section */

/* Begin PBXFileReference section */
		1773CA412C946CA1004FDD1C /* F2Learn.app */ = {isa = PBXFileReference; explicitFileType = wrapper.application; includeInIndex = 0; path = F2Learn.app; sourceTree = BUILT_PRODUCTS_DIR; };
		1773CA442C946CA1004FDD1C /* F2LearnApp.swift */ = {isa = PBXFileReference; lastKnownFileType = sourcecode.swift; path = F2LearnApp.swift; sourceTree = "<group>"; };
		1773CA462C946CA1004FDD1C /* ContentView.swift */ = {isa = PBXFileReference; lastKnownFileType = sourcecode.swift; path = ContentView.swift; sourceTree = "<group>"; };
		1773CA482C946CA3004FDD1C /* Assets.xcassets */ = {isa = PBXFileReference; lastKnownFileType = folder.assetcatalog; path = Assets.xcassets; sourceTree = "<group>"; };
		1773CA4B2C946CA3004FDD1C /* Preview Assets.xcassets */ = {isa = PBXFileReference; lastKnownFileType = folder.assetcatalog; path = "Preview Assets.xcassets"; sourceTree = "<group>"; };
		1773CA512C946CA3004FDD1C /* F2LearnTests.xctest */ = {isa = PBXFileReference; explicitFileType = wrapper.cfbundle; includeInIndex = 0; path = F2LearnTests.xctest; sourceTree = BUILT_PRODUCTS_DIR; };
		1773CA552C946CA3004FDD1C /* F2LearnTests.swift */ = {isa = PBXFileReference; lastKnownFileType = sourcecode.swift; path = F2LearnTests.swift; sourceTree = "<group>"; };
		1773CA5B2C946CA3004FDD1C /* F2LearnUITests.xctest */ = {isa = PBXFileReference; explicitFileType = wrapper.cfbundle; includeInIndex = 0; path = F2LearnUITests.xctest; sourceTree = BUILT_PRODUCTS_DIR; };
		1773CA5F2C946CA3004FDD1C /* F2LearnUITests.swift */ = {isa = PBXFileReference; lastKnownFileType = sourcecode.swift; path = F2LearnUITests.swift; sourceTree = "<group>"; };
		1773CA612C946CA3004FDD1C /* F2LearnUITestsLaunchTests.swift */ = {isa = PBXFileReference; lastKnownFileType = sourcecode.swift; path = F2LearnUITestsLaunchTests.swift; sourceTree = "<group>"; };
		1773CA6E2C946E5B004FDD1C /* GoogleService-Info.plist */ = {isa = PBXFileReference; fileEncoding = 4; lastKnownFileType = text.plist.xml; name = "GoogleService-Info.plist"; path = "../../Temp/GoogleService-Info.plist"; sourceTree = "<group>"; };
		1773CA7E2C9475F1004FDD1C /* ColorScheme.swift */ = {isa = PBXFileReference; lastKnownFileType = sourcecode.swift; name = ColorScheme.swift; path = F2Learn/ColorScheme.swift; sourceTree = SOURCE_ROOT; };
		1773CA802C94760D004FDD1C /* ThemeManager.swift */ = {isa = PBXFileReference; lastKnownFileType = sourcecode.swift; path = ThemeManager.swift; sourceTree = "<group>"; };
		1773CA822C947638004FDD1C /* ColorExtensions.swift */ = {isa = PBXFileReference; lastKnownFileType = sourcecode.swift; name = ColorExtensions.swift; path = F2Learn/ViewModel/ColorExtensions.swift; sourceTree = SOURCE_ROOT; };
/* End PBXFileReference section */

/* Begin PBXFrameworksBuildPhase section */
		1773CA3E2C946CA1004FDD1C /* Frameworks */ = {
			isa = PBXFrameworksBuildPhase;
			buildActionMask = 2147483647;
			files = (
				1773CA762C946F06004FDD1C /* FirebaseMessaging in Frameworks */,
				1773CA782C946F06004FDD1C /* FirebaseStorage in Frameworks */,
				1773CA722C946F06004FDD1C /* FirebaseAuth in Frameworks */,
				1773CA742C946F06004FDD1C /* FirebaseFirestore in Frameworks */,
			);
			runOnlyForDeploymentPostprocessing = 0;
		};
		1773CA4E2C946CA3004FDD1C /* Frameworks */ = {
			isa = PBXFrameworksBuildPhase;
			buildActionMask = 2147483647;
			files = (
			);
			runOnlyForDeploymentPostprocessing = 0;
		};
		1773CA582C946CA3004FDD1C /* Frameworks */ = {
			isa = PBXFrameworksBuildPhase;
			buildActionMask = 2147483647;
			files = (
			);
			runOnlyForDeploymentPostprocessing = 0;
		};
/* End PBXFrameworksBuildPhase section */

/* Begin PBXGroup section */
		1773CA382C946CA1004FDD1C = {
			isa = PBXGroup;
			children = (
				1773CA432C946CA1004FDD1C /* F2Learn */,
				1773CA542C946CA3004FDD1C /* F2LearnTests */,
				1773CA5E2C946CA3004FDD1C /* F2LearnUITests */,
				1773CA422C946CA1004FDD1C /* Products */,
			);
			sourceTree = "<group>";
		};
		1773CA422C946CA1004FDD1C /* Products */ = {
			isa = PBXGroup;
			children = (
				1773CA412C946CA1004FDD1C /* F2Learn.app */,
				1773CA512C946CA3004FDD1C /* F2LearnTests.xctest */,
				1773CA5B2C946CA3004FDD1C /* F2LearnUITests.xctest */,
			);
			name = Products;
			sourceTree = "<group>";
		};
		1773CA432C946CA1004FDD1C /* F2Learn */ = {
			isa = PBXGroup;
			children = (
				1773CA7B2C9475A5004FDD1C /* Model */,
				1773CA7A2C947527004FDD1C /* ViewModel */,
				1773CA792C94751D004FDD1C /* View */,
				1773CA6E2C946E5B004FDD1C /* GoogleService-Info.plist */,
				1773CA442C946CA1004FDD1C /* F2LearnApp.swift */,
				1773CA462C946CA1004FDD1C /* ContentView.swift */,
				1773CA482C946CA3004FDD1C /* Assets.xcassets */,
				1773CA4A2C946CA3004FDD1C /* Preview Content */,
			);
			path = F2Learn;
			sourceTree = "<group>";
		};
		1773CA4A2C946CA3004FDD1C /* Preview Content */ = {
			isa = PBXGroup;
			children = (
				1773CA4B2C946CA3004FDD1C /* Preview Assets.xcassets */,
			);
			path = "Preview Content";
			sourceTree = "<group>";
		};
		1773CA542C946CA3004FDD1C /* F2LearnTests */ = {
			isa = PBXGroup;
			children = (
				1773CA552C946CA3004FDD1C /* F2LearnTests.swift */,
			);
			path = F2LearnTests;
			sourceTree = "<group>";
		};
		1773CA5E2C946CA3004FDD1C /* F2LearnUITests */ = {
			isa = PBXGroup;
			children = (
				1773CA5F2C946CA3004FDD1C /* F2LearnUITests.swift */,
				1773CA612C946CA3004FDD1C /* F2LearnUITestsLaunchTests.swift */,
			);
			path = F2LearnUITests;
			sourceTree = "<group>";
		};
		1773CA792C94751D004FDD1C /* View */ = {
			isa = PBXGroup;
			children = (
			);
			path = View;
			sourceTree = "<group>";
		};
		1773CA7A2C947527004FDD1C /* ViewModel */ = {
			isa = PBXGroup;
			children = (
				1773CA802C94760D004FDD1C /* ThemeManager.swift */,
			);
			path = ViewModel;
			sourceTree = "<group>";
		};
		1773CA7B2C9475A5004FDD1C /* Model */ = {
			isa = PBXGroup;
			children = (
				1773CA7E2C9475F1004FDD1C /* ColorScheme.swift */,
				1773CA822C947638004FDD1C /* ColorExtensions.swift */,
			);
			path = Model;
			sourceTree = "<group>";
		};
/* End PBXGroup section */

/* Begin PBXNativeTarget section */
		1773CA402C946CA1004FDD1C /* F2Learn */ = {
			isa = PBXNativeTarget;
			buildConfigurationList = 1773CA652C946CA3004FDD1C /* Build configuration list for PBXNativeTarget "F2Learn" */;
			buildPhases = (
				1773CA3D2C946CA1004FDD1C /* Sources */,
				1773CA3E2C946CA1004FDD1C /* Frameworks */,
				1773CA3F2C946CA1004FDD1C /* Resources */,
			);
			buildRules = (
			);
			dependencies = (
			);
			name = F2Learn;
			packageProductDependencies = (
				1773CA712C946F06004FDD1C /* FirebaseAuth */,
				1773CA732C946F06004FDD1C /* FirebaseFirestore */,
				1773CA752C946F06004FDD1C /* FirebaseMessaging */,
				1773CA772C946F06004FDD1C /* FirebaseStorage */,
			);
			productName = F2Learn;
			productReference = 1773CA412C946CA1004FDD1C /* F2Learn.app */;
			productType = "com.apple.product-type.application";
		};
		1773CA502C946CA3004FDD1C /* F2LearnTests */ = {
			isa = PBXNativeTarget;
			buildConfigurationList = 1773CA682C946CA3004FDD1C /* Build configuration list for PBXNativeTarget "F2LearnTests" */;
			buildPhases = (
				1773CA4D2C946CA3004FDD1C /* Sources */,
				1773CA4E2C946CA3004FDD1C /* Frameworks */,
				1773CA4F2C946CA3004FDD1C /* Resources */,
			);
			buildRules = (
			);
			dependencies = (
				1773CA532C946CA3004FDD1C /* PBXTargetDependency */,
			);
			name = F2LearnTests;
			productName = F2LearnTests;
			productReference = 1773CA512C946CA3004FDD1C /* F2LearnTests.xctest */;
			productType = "com.apple.product-type.bundle.unit-test";
		};
		1773CA5A2C946CA3004FDD1C /* F2LearnUITests */ = {
			isa = PBXNativeTarget;
			buildConfigurationList = 1773CA6B2C946CA3004FDD1C /* Build configuration list for PBXNativeTarget "F2LearnUITests" */;
			buildPhases = (
				1773CA572C946CA3004FDD1C /* Sources */,
				1773CA582C946CA3004FDD1C /* Frameworks */,
				1773CA592C946CA3004FDD1C /* Resources */,
			);
			buildRules = (
			);
			dependencies = (
				1773CA5D2C946CA3004FDD1C /* PBXTargetDependency */,
			);
			name = F2LearnUITests;
			productName = F2LearnUITests;
			productReference = 1773CA5B2C946CA3004FDD1C /* F2LearnUITests.xctest */;
			productType = "com.apple.product-type.bundle.ui-testing";
		};
/* End PBXNativeTarget section */

/* Begin PBXProject section */
		1773CA392C946CA1004FDD1C /* Project object */ = {
			isa = PBXProject;
			attributes = {
				BuildIndependentTargetsInParallel = 1;
				LastSwiftUpdateCheck = 1540;
				LastUpgradeCheck = 1540;
				TargetAttributes = {
					1773CA402C946CA1004FDD1C = {
						CreatedOnToolsVersion = 15.4;
					};
					1773CA502C946CA3004FDD1C = {
						CreatedOnToolsVersion = 15.4;
						TestTargetID = 1773CA402C946CA1004FDD1C;
					};
					1773CA5A2C946CA3004FDD1C = {
						CreatedOnToolsVersion = 15.4;
						TestTargetID = 1773CA402C946CA1004FDD1C;
					};
				};
			};
			buildConfigurationList = 1773CA3C2C946CA1004FDD1C /* Build configuration list for PBXProject "F2Learn" */;
			compatibilityVersion = "Xcode 14.0";
			developmentRegion = en;
			hasScannedForEncodings = 0;
			knownRegions = (
				en,
				Base,
			);
			mainGroup = 1773CA382C946CA1004FDD1C;
			packageReferences = (
				1773CA702C946F06004FDD1C /* XCRemoteSwiftPackageReference "firebase-ios-sdk" */,
			);
			productRefGroup = 1773CA422C946CA1004FDD1C /* Products */;
			projectDirPath = "";
			projectRoot = "";
			targets = (
				1773CA402C946CA1004FDD1C /* F2Learn */,
				1773CA502C946CA3004FDD1C /* F2LearnTests */,
				1773CA5A2C946CA3004FDD1C /* F2LearnUITests */,
			);
		};
/* End PBXProject section */

/* Begin PBXResourcesBuildPhase section */
		1773CA3F2C946CA1004FDD1C /* Resources */ = {
			isa = PBXResourcesBuildPhase;
			buildActionMask = 2147483647;
			files = (
				1773CA4C2C946CA3004FDD1C /* Preview Assets.xcassets in Resources */,
				1773CA492C946CA3004FDD1C /* Assets.xcassets in Resources */,
				1773CA6F2C946E5B004FDD1C /* GoogleService-Info.plist in Resources */,
			);
			runOnlyForDeploymentPostprocessing = 0;
		};
		1773CA4F2C946CA3004FDD1C /* Resources */ = {
			isa = PBXResourcesBuildPhase;
			buildActionMask = 2147483647;
			files = (
			);
			runOnlyForDeploymentPostprocessing = 0;
		};
		1773CA592C946CA3004FDD1C /* Resources */ = {
			isa = PBXResourcesBuildPhase;
			buildActionMask = 2147483647;
			files = (
			);
			runOnlyForDeploymentPostprocessing = 0;
		};
/* End PBXResourcesBuildPhase section */

/* Begin PBXSourcesBuildPhase section */
		1773CA3D2C946CA1004FDD1C /* Sources */ = {
			isa = PBXSourcesBuildPhase;
			buildActionMask = 2147483647;
			files = (
				1773CA472C946CA1004FDD1C /* ContentView.swift in Sources */,
				1773CA832C947638004FDD1C /* ColorExtensions.swift in Sources */,
				1773CA7F2C9475F1004FDD1C /* ColorScheme.swift in Sources */,
				1773CA452C946CA1004FDD1C /* F2LearnApp.swift in Sources */,
				1773CA812C94760D004FDD1C /* ThemeManager.swift in Sources */,
			);
			runOnlyForDeploymentPostprocessing = 0;
		};
		1773CA4D2C946CA3004FDD1C /* Sources */ = {
			isa = PBXSourcesBuildPhase;
			buildActionMask = 2147483647;
			files = (
				1773CA562C946CA3004FDD1C /* F2LearnTests.swift in Sources */,
			);
			runOnlyForDeploymentPostprocessing = 0;
		};
		1773CA572C946CA3004FDD1C /* Sources */ = {
			isa = PBXSourcesBuildPhase;
			buildActionMask = 2147483647;
			files = (
				1773CA602C946CA3004FDD1C /* F2LearnUITests.swift in Sources */,
				1773CA622C946CA3004FDD1C /* F2LearnUITestsLaunchTests.swift in Sources */,
			);
			runOnlyForDeploymentPostprocessing = 0;
		};
/* End PBXSourcesBuildPhase section */

/* Begin PBXTargetDependency section */
		1773CA532C946CA3004FDD1C /* PBXTargetDependency */ = {
			isa = PBXTargetDependency;
			target = 1773CA402C946CA1004FDD1C /* F2Learn */;
			targetProxy = 1773CA522C946CA3004FDD1C /* PBXContainerItemProxy */;
		};
		1773CA5D2C946CA3004FDD1C /* PBXTargetDependency */ = {
			isa = PBXTargetDependency;
			target = 1773CA402C946CA1004FDD1C /* F2Learn */;
			targetProxy = 1773CA5C2C946CA3004FDD1C /* PBXContainerItemProxy */;
		};
/* End PBXTargetDependency section */

/* Begin XCBuildConfiguration section */
		1773CA632C946CA3004FDD1C /* Debug */ = {
			isa = XCBuildConfiguration;
			buildSettings = {
				ALWAYS_SEARCH_USER_PATHS = NO;
				ASSETCATALOG_COMPILER_GENERATE_SWIFT_ASSET_SYMBOL_EXTENSIONS = YES;
				CLANG_ANALYZER_NONNULL = YES;
				CLANG_ANALYZER_NUMBER_OBJECT_CONVERSION = YES_AGGRESSIVE;
				CLANG_CXX_LANGUAGE_STANDARD = "gnu++20";
				CLANG_ENABLE_MODULES = YES;
				CLANG_ENABLE_OBJC_ARC = YES;
				CLANG_ENABLE_OBJC_WEAK = YES;
				CLANG_WARN_BLOCK_CAPTURE_AUTORELEASING = YES;
				CLANG_WARN_BOOL_CONVERSION = YES;
				CLANG_WARN_COMMA = YES;
				CLANG_WARN_CONSTANT_CONVERSION = YES;
				CLANG_WARN_DEPRECATED_OBJC_IMPLEMENTATIONS = YES;
				CLANG_WARN_DIRECT_OBJC_ISA_USAGE = YES_ERROR;
				CLANG_WARN_DOCUMENTATION_COMMENTS = YES;
				CLANG_WARN_EMPTY_BODY = YES;
				CLANG_WARN_ENUM_CONVERSION = YES;
				CLANG_WARN_INFINITE_RECURSION = YES;
				CLANG_WARN_INT_CONVERSION = YES;
				CLANG_WARN_NON_LITERAL_NULL_CONVERSION = YES;
				CLANG_WARN_OBJC_IMPLICIT_RETAIN_SELF = YES;
				CLANG_WARN_OBJC_LITERAL_CONVERSION = YES;
				CLANG_WARN_OBJC_ROOT_CLASS = YES_ERROR;
				CLANG_WARN_QUOTED_INCLUDE_IN_FRAMEWORK_HEADER = YES;
				CLANG_WARN_RANGE_LOOP_ANALYSIS = YES;
				CLANG_WARN_STRICT_PROTOTYPES = YES;
				CLANG_WARN_SUSPICIOUS_MOVE = YES;
				CLANG_WARN_UNGUARDED_AVAILABILITY = YES_AGGRESSIVE;
				CLANG_WARN_UNREACHABLE_CODE = YES;
				CLANG_WARN__DUPLICATE_METHOD_MATCH = YES;
				COPY_PHASE_STRIP = NO;
				DEBUG_INFORMATION_FORMAT = dwarf;
				ENABLE_STRICT_OBJC_MSGSEND = YES;
				ENABLE_TESTABILITY = YES;
				ENABLE_USER_SCRIPT_SANDBOXING = YES;
				GCC_C_LANGUAGE_STANDARD = gnu17;
				GCC_DYNAMIC_NO_PIC = NO;
				GCC_NO_COMMON_BLOCKS = YES;
				GCC_OPTIMIZATION_LEVEL = 0;
				GCC_PREPROCESSOR_DEFINITIONS = (
					"DEBUG=1",
					"$(inherited)",
				);
				GCC_WARN_64_TO_32_BIT_CONVERSION = YES;
				GCC_WARN_ABOUT_RETURN_TYPE = YES_ERROR;
				GCC_WARN_UNDECLARED_SELECTOR = YES;
				GCC_WARN_UNINITIALIZED_AUTOS = YES_AGGRESSIVE;
				GCC_WARN_UNUSED_FUNCTION = YES;
				GCC_WARN_UNUSED_VARIABLE = YES;
				IPHONEOS_DEPLOYMENT_TARGET = 17.5;
				LOCALIZATION_PREFERS_STRING_CATALOGS = YES;
				MTL_ENABLE_DEBUG_INFO = INCLUDE_SOURCE;
				MTL_FAST_MATH = YES;
				ONLY_ACTIVE_ARCH = YES;
				SDKROOT = iphoneos;
				SWIFT_ACTIVE_COMPILATION_CONDITIONS = "DEBUG $(inherited)";
				SWIFT_OPTIMIZATION_LEVEL = "-Onone";
			};
			name = Debug;
		};
		1773CA642C946CA3004FDD1C /* Release */ = {
			isa = XCBuildConfiguration;
			buildSettings = {
				ALWAYS_SEARCH_USER_PATHS = NO;
				ASSETCATALOG_COMPILER_GENERATE_SWIFT_ASSET_SYMBOL_EXTENSIONS = YES;
				CLANG_ANALYZER_NONNULL = YES;
				CLANG_ANALYZER_NUMBER_OBJECT_CONVERSION = YES_AGGRESSIVE;
				CLANG_CXX_LANGUAGE_STANDARD = "gnu++20";
				CLANG_ENABLE_MODULES = YES;
				CLANG_ENABLE_OBJC_ARC = YES;
				CLANG_ENABLE_OBJC_WEAK = YES;
				CLANG_WARN_BLOCK_CAPTURE_AUTORELEASING = YES;
				CLANG_WARN_BOOL_CONVERSION = YES;
				CLANG_WARN_COMMA = YES;
				CLANG_WARN_CONSTANT_CONVERSION = YES;
				CLANG_WARN_DEPRECATED_OBJC_IMPLEMENTATIONS = YES;
				CLANG_WARN_DIRECT_OBJC_ISA_USAGE = YES_ERROR;
				CLANG_WARN_DOCUMENTATION_COMMENTS = YES;
				CLANG_WARN_EMPTY_BODY = YES;
				CLANG_WARN_ENUM_CONVERSION = YES;
				CLANG_WARN_INFINITE_RECURSION = YES;
				CLANG_WARN_INT_CONVERSION = YES;
				CLANG_WARN_NON_LITERAL_NULL_CONVERSION = YES;
				CLANG_WARN_OBJC_IMPLICIT_RETAIN_SELF = YES;
				CLANG_WARN_OBJC_LITERAL_CONVERSION = YES;
				CLANG_WARN_OBJC_ROOT_CLASS = YES_ERROR;
				CLANG_WARN_QUOTED_INCLUDE_IN_FRAMEWORK_HEADER = YES;
				CLANG_WARN_RANGE_LOOP_ANALYSIS = YES;
				CLANG_WARN_STRICT_PROTOTYPES = YES;
				CLANG_WARN_SUSPICIOUS_MOVE = YES;
				CLANG_WARN_UNGUARDED_AVAILABILITY = YES_AGGRESSIVE;
				CLANG_WARN_UNREACHABLE_CODE = YES;
				CLANG_WARN__DUPLICATE_METHOD_MATCH = YES;
				COPY_PHASE_STRIP = NO;
				DEBUG_INFORMATION_FORMAT = "dwarf-with-dsym";
				ENABLE_NS_ASSERTIONS = NO;
				ENABLE_STRICT_OBJC_MSGSEND = YES;
				ENABLE_USER_SCRIPT_SANDBOXING = YES;
				GCC_C_LANGUAGE_STANDARD = gnu17;
				GCC_NO_COMMON_BLOCKS = YES;
				GCC_WARN_64_TO_32_BIT_CONVERSION = YES;
				GCC_WARN_ABOUT_RETURN_TYPE = YES_ERROR;
				GCC_WARN_UNDECLARED_SELECTOR = YES;
				GCC_WARN_UNINITIALIZED_AUTOS = YES_AGGRESSIVE;
				GCC_WARN_UNUSED_FUNCTION = YES;
				GCC_WARN_UNUSED_VARIABLE = YES;
				IPHONEOS_DEPLOYMENT_TARGET = 17.5;
				LOCALIZATION_PREFERS_STRING_CATALOGS = YES;
				MTL_ENABLE_DEBUG_INFO = NO;
				MTL_FAST_MATH = YES;
				SDKROOT = iphoneos;
				SWIFT_COMPILATION_MODE = wholemodule;
				VALIDATE_PRODUCT = YES;
			};
			name = Release;
		};
		1773CA662C946CA3004FDD1C /* Debug */ = {
			isa = XCBuildConfiguration;
			buildSettings = {
				ASSETCATALOG_COMPILER_APPICON_NAME = AppIcon;
				ASSETCATALOG_COMPILER_GLOBAL_ACCENT_COLOR_NAME = AccentColor;
				CODE_SIGN_STYLE = Automatic;
				CURRENT_PROJECT_VERSION = 1;
				DEVELOPMENT_ASSET_PATHS = "\"F2Learn/Preview Content\"";
				ENABLE_PREVIEWS = YES;
				GENERATE_INFOPLIST_FILE = YES;
				INFOPLIST_KEY_UIApplicationSceneManifest_Generation = YES;
				INFOPLIST_KEY_UIApplicationSupportsIndirectInputEvents = YES;
				INFOPLIST_KEY_UILaunchScreen_Generation = YES;
				INFOPLIST_KEY_UISupportedInterfaceOrientations_iPad = "UIInterfaceOrientationPortrait UIInterfaceOrientationPortraitUpsideDown UIInterfaceOrientationLandscapeLeft UIInterfaceOrientationLandscapeRight";
				INFOPLIST_KEY_UISupportedInterfaceOrientations_iPhone = "UIInterfaceOrientationPortrait UIInterfaceOrientationLandscapeLeft UIInterfaceOrientationLandscapeRight";
				LD_RUNPATH_SEARCH_PATHS = (
					"$(inherited)",
					"@executable_path/Frameworks",
				);
				MARKETING_VERSION = 1.0;
				PRODUCT_BUNDLE_IDENTIFIER = com.F2Learn;
				PRODUCT_NAME = "$(TARGET_NAME)";
				SWIFT_EMIT_LOC_STRINGS = YES;
				SWIFT_VERSION = 5.0;
				TARGETED_DEVICE_FAMILY = "1,2";
			};
			name = Debug;
		};
		1773CA672C946CA3004FDD1C /* Release */ = {
			isa = XCBuildConfiguration;
			buildSettings = {
				ASSETCATALOG_COMPILER_APPICON_NAME = AppIcon;
				ASSETCATALOG_COMPILER_GLOBAL_ACCENT_COLOR_NAME = AccentColor;
				CODE_SIGN_STYLE = Automatic;
				CURRENT_PROJECT_VERSION = 1;
				DEVELOPMENT_ASSET_PATHS = "\"F2Learn/Preview Content\"";
				ENABLE_PREVIEWS = YES;
				GENERATE_INFOPLIST_FILE = YES;
				INFOPLIST_KEY_UIApplicationSceneManifest_Generation = YES;
				INFOPLIST_KEY_UIApplicationSupportsIndirectInputEvents = YES;
				INFOPLIST_KEY_UILaunchScreen_Generation = YES;
				INFOPLIST_KEY_UISupportedInterfaceOrientations_iPad = "UIInterfaceOrientationPortrait UIInterfaceOrientationPortraitUpsideDown UIInterfaceOrientationLandscapeLeft UIInterfaceOrientationLandscapeRight";
				INFOPLIST_KEY_UISupportedInterfaceOrientations_iPhone = "UIInterfaceOrientationPortrait UIInterfaceOrientationLandscapeLeft UIInterfaceOrientationLandscapeRight";
				LD_RUNPATH_SEARCH_PATHS = (
					"$(inherited)",
					"@executable_path/Frameworks",
				);
				MARKETING_VERSION = 1.0;
				PRODUCT_BUNDLE_IDENTIFIER = com.F2Learn;
				PRODUCT_NAME = "$(TARGET_NAME)";
				SWIFT_EMIT_LOC_STRINGS = YES;
				SWIFT_VERSION = 5.0;
				TARGETED_DEVICE_FAMILY = "1,2";
			};
			name = Release;
		};
		1773CA692C946CA3004FDD1C /* Debug */ = {
			isa = XCBuildConfiguration;
			buildSettings = {
				ALWAYS_EMBED_SWIFT_STANDARD_LIBRARIES = YES;
				BUNDLE_LOADER = "$(TEST_HOST)";
				CODE_SIGN_STYLE = Automatic;
				CURRENT_PROJECT_VERSION = 1;
				GENERATE_INFOPLIST_FILE = YES;
				IPHONEOS_DEPLOYMENT_TARGET = 17.5;
				MARKETING_VERSION = 1.0;
				PRODUCT_BUNDLE_IDENTIFIER = com.F2LearnTests;
				PRODUCT_NAME = "$(TARGET_NAME)";
				SWIFT_EMIT_LOC_STRINGS = NO;
				SWIFT_VERSION = 5.0;
				TARGETED_DEVICE_FAMILY = "1,2";
				TEST_HOST = "$(BUILT_PRODUCTS_DIR)/F2Learn.app/$(BUNDLE_EXECUTABLE_FOLDER_PATH)/F2Learn";
			};
			name = Debug;
		};
		1773CA6A2C946CA3004FDD1C /* Release */ = {
			isa = XCBuildConfiguration;
			buildSettings = {
				ALWAYS_EMBED_SWIFT_STANDARD_LIBRARIES = YES;
				BUNDLE_LOADER = "$(TEST_HOST)";
				CODE_SIGN_STYLE = Automatic;
				CURRENT_PROJECT_VERSION = 1;
				GENERATE_INFOPLIST_FILE = YES;
				IPHONEOS_DEPLOYMENT_TARGET = 17.5;
				MARKETING_VERSION = 1.0;
				PRODUCT_BUNDLE_IDENTIFIER = com.F2LearnTests;
				PRODUCT_NAME = "$(TARGET_NAME)";
				SWIFT_EMIT_LOC_STRINGS = NO;
				SWIFT_VERSION = 5.0;
				TARGETED_DEVICE_FAMILY = "1,2";
				TEST_HOST = "$(BUILT_PRODUCTS_DIR)/F2Learn.app/$(BUNDLE_EXECUTABLE_FOLDER_PATH)/F2Learn";
			};
			name = Release;
		};
		1773CA6C2C946CA3004FDD1C /* Debug */ = {
			isa = XCBuildConfiguration;
			buildSettings = {
				ALWAYS_EMBED_SWIFT_STANDARD_LIBRARIES = YES;
				CODE_SIGN_STYLE = Automatic;
				CURRENT_PROJECT_VERSION = 1;
				GENERATE_INFOPLIST_FILE = YES;
				MARKETING_VERSION = 1.0;
				PRODUCT_BUNDLE_IDENTIFIER = com.F2LearnUITests;
				PRODUCT_NAME = "$(TARGET_NAME)";
				SWIFT_EMIT_LOC_STRINGS = NO;
				SWIFT_VERSION = 5.0;
				TARGETED_DEVICE_FAMILY = "1,2";
				TEST_TARGET_NAME = F2Learn;
			};
			name = Debug;
		};
		1773CA6D2C946CA3004FDD1C /* Release */ = {
			isa = XCBuildConfiguration;
			buildSettings = {
				ALWAYS_EMBED_SWIFT_STANDARD_LIBRARIES = YES;
				CODE_SIGN_STYLE = Automatic;
				CURRENT_PROJECT_VERSION = 1;
				GENERATE_INFOPLIST_FILE = YES;
				MARKETING_VERSION = 1.0;
				PRODUCT_BUNDLE_IDENTIFIER = com.F2LearnUITests;
				PRODUCT_NAME = "$(TARGET_NAME)";
				SWIFT_EMIT_LOC_STRINGS = NO;
				SWIFT_VERSION = 5.0;
				TARGETED_DEVICE_FAMILY = "1,2";
				TEST_TARGET_NAME = F2Learn;
			};
			name = Release;
		};
/* End XCBuildConfiguration section */

/* Begin XCConfigurationList section */
		1773CA3C2C946CA1004FDD1C /* Build configuration list for PBXProject "F2Learn" */ = {
			isa = XCConfigurationList;
			buildConfigurations = (
				1773CA632C946CA3004FDD1C /* Debug */,
				1773CA642C946CA3004FDD1C /* Release */,
			);
			defaultConfigurationIsVisible = 0;
			defaultConfigurationName = Release;
		};
		1773CA652C946CA3004FDD1C /* Build configuration list for PBXNativeTarget "F2Learn" */ = {
			isa = XCConfigurationList;
			buildConfigurations = (
				1773CA662C946CA3004FDD1C /* Debug */,
				1773CA672C946CA3004FDD1C /* Release */,
			);
			defaultConfigurationIsVisible = 0;
			defaultConfigurationName = Release;
		};
		1773CA682C946CA3004FDD1C /* Build configuration list for PBXNativeTarget "F2LearnTests" */ = {
			isa = XCConfigurationList;
			buildConfigurations = (
				1773CA692C946CA3004FDD1C /* Debug */,
				1773CA6A2C946CA3004FDD1C /* Release */,
			);
			defaultConfigurationIsVisible = 0;
			defaultConfigurationName = Release;
		};
		1773CA6B2C946CA3004FDD1C /* Build configuration list for PBXNativeTarget "F2LearnUITests" */ = {
			isa = XCConfigurationList;
			buildConfigurations = (
				1773CA6C2C946CA3004FDD1C /* Debug */,
				1773CA6D2C946CA3004FDD1C /* Release */,
			);
			defaultConfigurationIsVisible = 0;
			defaultConfigurationName = Release;
		};
/* End XCConfigurationList section */

/* Begin XCRemoteSwiftPackageReference section */
		1773CA702C946F06004FDD1C /* XCRemoteSwiftPackageReference "firebase-ios-sdk" */ = {
			isa = XCRemoteSwiftPackageReference;
			repositoryURL = "https://github.com/firebase/firebase-ios-sdk";
			requirement = {
				kind = upToNextMajorVersion;
				minimumVersion = 11.2.0;
			};
		};
/* End XCRemoteSwiftPackageReference section */

/* Begin XCSwiftPackageProductDependency section */
		1773CA712C946F06004FDD1C /* FirebaseAuth */ = {
			isa = XCSwiftPackageProductDependency;
			package = 1773CA702C946F06004FDD1C /* XCRemoteSwiftPackageReference "firebase-ios-sdk" */;
			productName = FirebaseAuth;
		};
		1773CA732C946F06004FDD1C /* FirebaseFirestore */ = {
			isa = XCSwiftPackageProductDependency;
			package = 1773CA702C946F06004FDD1C /* XCRemoteSwiftPackageReference "firebase-ios-sdk" */;
			productName = FirebaseFirestore;
		};
		1773CA752C946F06004FDD1C /* FirebaseMessaging */ = {
			isa = XCSwiftPackageProductDependency;
			package = 1773CA702C946F06004FDD1C /* XCRemoteSwiftPackageReference "firebase-ios-sdk" */;
			productName = FirebaseMessaging;
		};
		1773CA772C946F06004FDD1C /* FirebaseStorage */ = {
			isa = XCSwiftPackageProductDependency;
			package = 1773CA702C946F06004FDD1C /* XCRemoteSwiftPackageReference "firebase-ios-sdk" */;
			productName = FirebaseStorage;
		};
/* End XCSwiftPackageProductDependency section */
	};
	rootObject = 1773CA392C946CA1004FDD1C /* Project object */;
}
