// !$*UTF8*$!
{
	archiveVersion = 1;
	classes = {
	};
	objectVersion = 56;
	objects = {

/* Begin PBXBuildFile section */
		170FF0A52C981BEE004118C8 /* AdminDashBoardView.swift in Sources */ = {isa = PBXBuildFile; fileRef = 170FF0A42C981BEE004118C8 /* AdminDashBoardView.swift */; };
		170FF0A72C9821CA004118C8 /* AdminDashBoardViewModel.swift in Sources */ = {isa = PBXBuildFile; fileRef = 170FF0A62C9821CA004118C8 /* AdminDashBoardViewModel.swift */; };
		1714C8442C9D7C93001AE933 /* SplashScreenView.swift in Sources */ = {isa = PBXBuildFile; fileRef = 1714C8432C9D7C8D001AE933 /* SplashScreenView.swift */; };
		1714C8462C9D7F55001AE933 /* WelcomeView.swift in Sources */ = {isa = PBXBuildFile; fileRef = 1714C8452C9D7F53001AE933 /* WelcomeView.swift */; };
		1714C8482C9D86BB001AE933 /* TextView.swift in Sources */ = {isa = PBXBuildFile; fileRef = 1714C8472C9D86B1001AE933 /* TextView.swift */; };
		1780210E2C9DD1FC00F02FEF /* ExploreView.swift in Sources */ = {isa = PBXBuildFile; fileRef = 1780210D2C9DD1F700F02FEF /* ExploreView.swift */; };
		178021102C9DE28200F02FEF /* UserPostView.swift in Sources */ = {isa = PBXBuildFile; fileRef = 1780210F2C9DE28000F02FEF /* UserPostView.swift */; };
		1781C4792C987DC40084AA52 /* UserListView.swift in Sources */ = {isa = PBXBuildFile; fileRef = 1781C4782C987DC40084AA52 /* UserListView.swift */; };
		1781C47B2C987DF70084AA52 /* UserDetailView.swift in Sources */ = {isa = PBXBuildFile; fileRef = 1781C47A2C987DF70084AA52 /* UserDetailView.swift */; };
		1788907A2C9D2ADB00C1D19F /* ForgotPasswordView.swift in Sources */ = {isa = PBXBuildFile; fileRef = 178890792C9D2AD900C1D19F /* ForgotPasswordView.swift */; };
		1788907D2C9D2CC800C1D19F /* ColorScheme.swift in Sources */ = {isa = PBXBuildFile; fileRef = 1788907C2C9D2CC800C1D19F /* ColorScheme.swift */; };
		179DBB5B2C9A98A500EEA2DF /* User.swift in Sources */ = {isa = PBXBuildFile; fileRef = 179DBB5A2C9A98A500EEA2DF /* User.swift */; };
		179DBB5D2C9A98C700EEA2DF /* AdminDashBoardModel.swift in Sources */ = {isa = PBXBuildFile; fileRef = 179DBB5C2C9A98C700EEA2DF /* AdminDashBoardModel.swift */; };
		17C185572C997DAA00FFE397 /* UserTestingView.swift in Sources */ = {isa = PBXBuildFile; fileRef = 17C185562C997DAA00FFE397 /* UserTestingView.swift */; };
		17C5408D2C9AC1FF00095530 /* Post.swift in Sources */ = {isa = PBXBuildFile; fileRef = 17C5408C2C9AC1FF00095530 /* Post.swift */; };
		17C5408F2C9AC23B00095530 /* PostViewModel.swift in Sources */ = {isa = PBXBuildFile; fileRef = 17C5408E2C9AC23B00095530 /* PostViewModel.swift */; };
		17C540912C9AC26A00095530 /* CreatePostView.swift in Sources */ = {isa = PBXBuildFile; fileRef = 17C540902C9AC26A00095530 /* CreatePostView.swift */; };
		17C540932C9AC34D00095530 /* ImagePicker.swift in Sources */ = {isa = PBXBuildFile; fileRef = 17C540922C9AC34D00095530 /* ImagePicker.swift */; };
		17C65FBE2C9AE74F00972495 /* UnapprovedPostsView.swift in Sources */ = {isa = PBXBuildFile; fileRef = 17C65FBD2C9AE74F00972495 /* UnapprovedPostsView.swift */; };
		17C65FC02C9AEB2E00972495 /* UserDashBoardView.swift in Sources */ = {isa = PBXBuildFile; fileRef = 17C65FBF2C9AEB2E00972495 /* UserDashBoardView.swift */; };
		17C65FC52C9B212200972495 /* AdminPostView.swift in Sources */ = {isa = PBXBuildFile; fileRef = 17C65FC42C9B212200972495 /* AdminPostView.swift */; };
		17C65FC82C9B2BE200972495 /* UserDashBoardViewModel.swift in Sources */ = {isa = PBXBuildFile; fileRef = 17C65FC72C9B2BE200972495 /* UserDashBoardViewModel.swift */; };
		17C65FCA2C9B33F200972495 /* AllPostView.swift in Sources */ = {isa = PBXBuildFile; fileRef = 17C65FC92C9B33F200972495 /* AllPostView.swift */; };
		17C65FCC2C9B340900972495 /* SavePostsView.swift in Sources */ = {isa = PBXBuildFile; fileRef = 17C65FCB2C9B340900972495 /* SavePostsView.swift */; };
		17F56CEB2C97ED6600055429 /* F2LearnApp.swift in Sources */ = {isa = PBXBuildFile; fileRef = 17F56CEA2C97ED6600055429 /* F2LearnApp.swift */; };
		17F56CED2C97ED6600055429 /* ContentView.swift in Sources */ = {isa = PBXBuildFile; fileRef = 17F56CEC2C97ED6600055429 /* ContentView.swift */; };
		17F56CEF2C97ED6800055429 /* Assets.xcassets in Resources */ = {isa = PBXBuildFile; fileRef = 17F56CEE2C97ED6800055429 /* Assets.xcassets */; };
		17F56CF22C97ED6800055429 /* Preview Assets.xcassets in Resources */ = {isa = PBXBuildFile; fileRef = 17F56CF12C97ED6800055429 /* Preview Assets.xcassets */; };
		17F56CFC2C97ED6800055429 /* F2LearnTests.swift in Sources */ = {isa = PBXBuildFile; fileRef = 17F56CFB2C97ED6800055429 /* F2LearnTests.swift */; };
		17F56D062C97ED6800055429 /* F2LearnUITests.swift in Sources */ = {isa = PBXBuildFile; fileRef = 17F56D052C97ED6800055429 /* F2LearnUITests.swift */; };
		17F56D082C97ED6800055429 /* F2LearnUITestsLaunchTests.swift in Sources */ = {isa = PBXBuildFile; fileRef = 17F56D072C97ED6800055429 /* F2LearnUITestsLaunchTests.swift */; };
		17F56D162C97ED8E00055429 /* temp.txt in Resources */ = {isa = PBXBuildFile; fileRef = 17F56D152C97ED8E00055429 /* temp.txt */; };
		17F56D192C97EE7E00055429 /* FirebaseAuth in Frameworks */ = {isa = PBXBuildFile; productRef = 17F56D182C97EE7E00055429 /* FirebaseAuth */; };
		17F56D1B2C97EE7E00055429 /* FirebaseDatabase in Frameworks */ = {isa = PBXBuildFile; productRef = 17F56D1A2C97EE7E00055429 /* FirebaseDatabase */; };
		17F56D1D2C97EE7E00055429 /* FirebaseFirestore in Frameworks */ = {isa = PBXBuildFile; productRef = 17F56D1C2C97EE7E00055429 /* FirebaseFirestore */; };
		17F56D1F2C97EE7E00055429 /* FirebaseMessaging in Frameworks */ = {isa = PBXBuildFile; productRef = 17F56D1E2C97EE7E00055429 /* FirebaseMessaging */; };
		17F56D212C97EE7E00055429 /* FirebaseStorage in Frameworks */ = {isa = PBXBuildFile; productRef = 17F56D202C97EE7E00055429 /* FirebaseStorage */; };
		17F56D252C97EFCB00055429 /* GoogleService-Info.plist in Resources */ = {isa = PBXBuildFile; fileRef = 17F56D242C97EFCB00055429 /* GoogleService-Info.plist */; };
		17F56D2B2C97F5BB00055429 /* AuthVIewModel.swift in Sources */ = {isa = PBXBuildFile; fileRef = 17F56D2A2C97F5BB00055429 /* AuthVIewModel.swift */; };
		17F56D2E2C97F5E100055429 /* LoginView.swift in Sources */ = {isa = PBXBuildFile; fileRef = 17F56D2D2C97F5E100055429 /* LoginView.swift */; };
		17F56D302C97F5FA00055429 /* SignUpVIew.swift in Sources */ = {isa = PBXBuildFile; fileRef = 17F56D2F2C97F5FA00055429 /* SignUpVIew.swift */; };
/* End PBXBuildFile section */

/* Begin PBXContainerItemProxy section */
		17F56CF82C97ED6800055429 /* PBXContainerItemProxy */ = {
			isa = PBXContainerItemProxy;
			containerPortal = 17F56CDF2C97ED6600055429 /* Project object */;
			proxyType = 1;
			remoteGlobalIDString = 17F56CE62C97ED6600055429;
			remoteInfo = F2Learn;
		};
		17F56D022C97ED6800055429 /* PBXContainerItemProxy */ = {
			isa = PBXContainerItemProxy;
			containerPortal = 17F56CDF2C97ED6600055429 /* Project object */;
			proxyType = 1;
			remoteGlobalIDString = 17F56CE62C97ED6600055429;
			remoteInfo = F2Learn;
		};
/* End PBXContainerItemProxy section */

/* Begin PBXFileReference section */
		170FF0A42C981BEE004118C8 /* AdminDashBoardView.swift */ = {isa = PBXFileReference; lastKnownFileType = sourcecode.swift; path = AdminDashBoardView.swift; sourceTree = "<group>"; };
		170FF0A62C9821CA004118C8 /* AdminDashBoardViewModel.swift */ = {isa = PBXFileReference; lastKnownFileType = sourcecode.swift; path = AdminDashBoardViewModel.swift; sourceTree = "<group>"; };
		1714C8432C9D7C8D001AE933 /* SplashScreenView.swift */ = {isa = PBXFileReference; lastKnownFileType = sourcecode.swift; path = SplashScreenView.swift; sourceTree = "<group>"; };
		1714C8452C9D7F53001AE933 /* WelcomeView.swift */ = {isa = PBXFileReference; lastKnownFileType = sourcecode.swift; path = WelcomeView.swift; sourceTree = "<group>"; };
		1714C8472C9D86B1001AE933 /* TextView.swift */ = {isa = PBXFileReference; lastKnownFileType = sourcecode.swift; path = TextView.swift; sourceTree = "<group>"; };
		1780210D2C9DD1F700F02FEF /* ExploreView.swift */ = {isa = PBXFileReference; lastKnownFileType = sourcecode.swift; path = ExploreView.swift; sourceTree = "<group>"; };
		1780210F2C9DE28000F02FEF /* UserPostView.swift */ = {isa = PBXFileReference; lastKnownFileType = sourcecode.swift; path = UserPostView.swift; sourceTree = "<group>"; };
		1781C4782C987DC40084AA52 /* UserListView.swift */ = {isa = PBXFileReference; lastKnownFileType = sourcecode.swift; path = UserListView.swift; sourceTree = "<group>"; };
		1781C47A2C987DF70084AA52 /* UserDetailView.swift */ = {isa = PBXFileReference; lastKnownFileType = sourcecode.swift; path = UserDetailView.swift; sourceTree = "<group>"; };
		178890792C9D2AD900C1D19F /* ForgotPasswordView.swift */ = {isa = PBXFileReference; lastKnownFileType = sourcecode.swift; path = ForgotPasswordView.swift; sourceTree = "<group>"; };
		1788907C2C9D2CC800C1D19F /* ColorScheme.swift */ = {isa = PBXFileReference; lastKnownFileType = sourcecode.swift; path = ColorScheme.swift; sourceTree = "<group>"; };
		179DBB5A2C9A98A500EEA2DF /* User.swift */ = {isa = PBXFileReference; lastKnownFileType = sourcecode.swift; path = User.swift; sourceTree = "<group>"; };
		179DBB5C2C9A98C700EEA2DF /* AdminDashBoardModel.swift */ = {isa = PBXFileReference; lastKnownFileType = sourcecode.swift; path = AdminDashBoardModel.swift; sourceTree = "<group>"; };
		17C185562C997DAA00FFE397 /* UserTestingView.swift */ = {isa = PBXFileReference; lastKnownFileType = sourcecode.swift; path = UserTestingView.swift; sourceTree = "<group>"; };
		17C5408C2C9AC1FF00095530 /* Post.swift */ = {isa = PBXFileReference; lastKnownFileType = sourcecode.swift; path = Post.swift; sourceTree = "<group>"; };
		17C5408E2C9AC23B00095530 /* PostViewModel.swift */ = {isa = PBXFileReference; lastKnownFileType = sourcecode.swift; path = PostViewModel.swift; sourceTree = "<group>"; };
		17C540902C9AC26A00095530 /* CreatePostView.swift */ = {isa = PBXFileReference; lastKnownFileType = sourcecode.swift; path = CreatePostView.swift; sourceTree = "<group>"; };
		17C540922C9AC34D00095530 /* ImagePicker.swift */ = {isa = PBXFileReference; lastKnownFileType = sourcecode.swift; path = ImagePicker.swift; sourceTree = "<group>"; };
		17C65FBD2C9AE74F00972495 /* UnapprovedPostsView.swift */ = {isa = PBXFileReference; lastKnownFileType = sourcecode.swift; path = UnapprovedPostsView.swift; sourceTree = "<group>"; };
		17C65FBF2C9AEB2E00972495 /* UserDashBoardView.swift */ = {isa = PBXFileReference; lastKnownFileType = sourcecode.swift; path = UserDashBoardView.swift; sourceTree = "<group>"; };
		17C65FC42C9B212200972495 /* AdminPostView.swift */ = {isa = PBXFileReference; lastKnownFileType = sourcecode.swift; path = AdminPostView.swift; sourceTree = "<group>"; };
		17C65FC72C9B2BE200972495 /* UserDashBoardViewModel.swift */ = {isa = PBXFileReference; lastKnownFileType = sourcecode.swift; path = UserDashBoardViewModel.swift; sourceTree = "<group>"; };
		17C65FC92C9B33F200972495 /* AllPostView.swift */ = {isa = PBXFileReference; lastKnownFileType = sourcecode.swift; path = AllPostView.swift; sourceTree = "<group>"; };
		17C65FCB2C9B340900972495 /* SavePostsView.swift */ = {isa = PBXFileReference; lastKnownFileType = sourcecode.swift; path = SavePostsView.swift; sourceTree = "<group>"; };
		17F56CE72C97ED6600055429 /* F2Learn.app */ = {isa = PBXFileReference; explicitFileType = wrapper.application; includeInIndex = 0; path = F2Learn.app; sourceTree = BUILT_PRODUCTS_DIR; };
		17F56CEA2C97ED6600055429 /* F2LearnApp.swift */ = {isa = PBXFileReference; lastKnownFileType = sourcecode.swift; path = F2LearnApp.swift; sourceTree = "<group>"; };
		17F56CEC2C97ED6600055429 /* ContentView.swift */ = {isa = PBXFileReference; lastKnownFileType = sourcecode.swift; path = ContentView.swift; sourceTree = "<group>"; };
		17F56CEE2C97ED6800055429 /* Assets.xcassets */ = {isa = PBXFileReference; lastKnownFileType = folder.assetcatalog; path = Assets.xcassets; sourceTree = "<group>"; };
		17F56CF12C97ED6800055429 /* Preview Assets.xcassets */ = {isa = PBXFileReference; lastKnownFileType = folder.assetcatalog; path = "Preview Assets.xcassets"; sourceTree = "<group>"; };
		17F56CF72C97ED6800055429 /* F2LearnTests.xctest */ = {isa = PBXFileReference; explicitFileType = wrapper.cfbundle; includeInIndex = 0; path = F2LearnTests.xctest; sourceTree = BUILT_PRODUCTS_DIR; };
		17F56CFB2C97ED6800055429 /* F2LearnTests.swift */ = {isa = PBXFileReference; lastKnownFileType = sourcecode.swift; path = F2LearnTests.swift; sourceTree = "<group>"; };
		17F56D012C97ED6800055429 /* F2LearnUITests.xctest */ = {isa = PBXFileReference; explicitFileType = wrapper.cfbundle; includeInIndex = 0; path = F2LearnUITests.xctest; sourceTree = BUILT_PRODUCTS_DIR; };
		17F56D052C97ED6800055429 /* F2LearnUITests.swift */ = {isa = PBXFileReference; lastKnownFileType = sourcecode.swift; path = F2LearnUITests.swift; sourceTree = "<group>"; };
		17F56D072C97ED6800055429 /* F2LearnUITestsLaunchTests.swift */ = {isa = PBXFileReference; lastKnownFileType = sourcecode.swift; path = F2LearnUITestsLaunchTests.swift; sourceTree = "<group>"; };
		17F56D152C97ED8E00055429 /* temp.txt */ = {isa = PBXFileReference; lastKnownFileType = text; path = temp.txt; sourceTree = "<group>"; };
		17F56D242C97EFCB00055429 /* GoogleService-Info.plist */ = {isa = PBXFileReference; fileEncoding = 4; lastKnownFileType = text.plist.xml; name = "GoogleService-Info.plist"; path = "Temp/GoogleService-Info.plist"; sourceTree = "<group>"; };
		17F56D2A2C97F5BB00055429 /* AuthVIewModel.swift */ = {isa = PBXFileReference; lastKnownFileType = sourcecode.swift; path = AuthVIewModel.swift; sourceTree = "<group>"; };
		17F56D2D2C97F5E100055429 /* LoginView.swift */ = {isa = PBXFileReference; lastKnownFileType = sourcecode.swift; path = LoginView.swift; sourceTree = "<group>"; };
		17F56D2F2C97F5FA00055429 /* SignUpVIew.swift */ = {isa = PBXFileReference; lastKnownFileType = sourcecode.swift; path = SignUpVIew.swift; sourceTree = "<group>"; };
/* End PBXFileReference section */

/* Begin PBXFrameworksBuildPhase section */
		17F56CE42C97ED6600055429 /* Frameworks */ = {
			isa = PBXFrameworksBuildPhase;
			buildActionMask = 2147483647;
			files = (
				17F56D1F2C97EE7E00055429 /* FirebaseMessaging in Frameworks */,
				17F56D1B2C97EE7E00055429 /* FirebaseDatabase in Frameworks */,
				17F56D192C97EE7E00055429 /* FirebaseAuth in Frameworks */,
				17F56D212C97EE7E00055429 /* FirebaseStorage in Frameworks */,
				17F56D1D2C97EE7E00055429 /* FirebaseFirestore in Frameworks */,
			);
			runOnlyForDeploymentPostprocessing = 0;
		};
		17F56CF42C97ED6800055429 /* Frameworks */ = {
			isa = PBXFrameworksBuildPhase;
			buildActionMask = 2147483647;
			files = (
			);
			runOnlyForDeploymentPostprocessing = 0;
		};
		17F56CFE2C97ED6800055429 /* Frameworks */ = {
			isa = PBXFrameworksBuildPhase;
			buildActionMask = 2147483647;
			files = (
			);
			runOnlyForDeploymentPostprocessing = 0;
		};
/* End PBXFrameworksBuildPhase section */

/* Begin PBXGroup section */
		1788907B2C9D2CB600C1D19F /* Extensions */ = {
			isa = PBXGroup;
			children = (
				1788907C2C9D2CC800C1D19F /* ColorScheme.swift */,
			);
			path = Extensions;
			sourceTree = "<group>";
		};
		179DBB592C9A989600EEA2DF /* Model */ = {
			isa = PBXGroup;
			children = (
				179DBB5A2C9A98A500EEA2DF /* User.swift */,
				179DBB5C2C9A98C700EEA2DF /* AdminDashBoardModel.swift */,
				17C5408C2C9AC1FF00095530 /* Post.swift */,
			);
			path = Model;
			sourceTree = "<group>";
		};
		17C65FC12C9B1B2D00972495 /* Admin */ = {
			isa = PBXGroup;
			children = (
				17C65FBD2C9AE74F00972495 /* UnapprovedPostsView.swift */,
				170FF0A42C981BEE004118C8 /* AdminDashBoardView.swift */,
				1781C4782C987DC40084AA52 /* UserListView.swift */,
				1781C47A2C987DF70084AA52 /* UserDetailView.swift */,
			);
			path = Admin;
			sourceTree = "<group>";
		};
		17C65FC22C9B1D8400972495 /* User */ = {
			isa = PBXGroup;
			children = (
				1780210F2C9DE28000F02FEF /* UserPostView.swift */,
				17C65FBF2C9AEB2E00972495 /* UserDashBoardView.swift */,
				17C185562C997DAA00FFE397 /* UserTestingView.swift */,
				17C65FCB2C9B340900972495 /* SavePostsView.swift */,
			);
			path = User;
			sourceTree = "<group>";
		};
		17C65FC32C9B1FA400972495 /* Both */ = {
			isa = PBXGroup;
			children = (
				1780210D2C9DD1F700F02FEF /* ExploreView.swift */,
				1714C8472C9D86B1001AE933 /* TextView.swift */,
				1714C8452C9D7F53001AE933 /* WelcomeView.swift */,
				1714C8432C9D7C8D001AE933 /* SplashScreenView.swift */,
				17F56D2D2C97F5E100055429 /* LoginView.swift */,
				17F56D2F2C97F5FA00055429 /* SignUpVIew.swift */,
				178890792C9D2AD900C1D19F /* ForgotPasswordView.swift */,
				17C540902C9AC26A00095530 /* CreatePostView.swift */,
				17C540922C9AC34D00095530 /* ImagePicker.swift */,
				17C65FC42C9B212200972495 /* AdminPostView.swift */,
				17C65FC92C9B33F200972495 /* AllPostView.swift */,
			);
			path = Both;
			sourceTree = "<group>";
		};
		17F56CDE2C97ED6600055429 = {
			isa = PBXGroup;
			children = (
				17F56CE92C97ED6600055429 /* F2Learn */,
				17F56CFA2C97ED6800055429 /* F2LearnTests */,
				17F56D042C97ED6800055429 /* F2LearnUITests */,
				17F56CE82C97ED6600055429 /* Products */,
			);
			sourceTree = "<group>";
		};
		17F56CE82C97ED6600055429 /* Products */ = {
			isa = PBXGroup;
			children = (
				17F56CE72C97ED6600055429 /* F2Learn.app */,
				17F56CF72C97ED6800055429 /* F2LearnTests.xctest */,
				17F56D012C97ED6800055429 /* F2LearnUITests.xctest */,
			);
			name = Products;
			sourceTree = "<group>";
		};
		17F56CE92C97ED6600055429 /* F2Learn */ = {
			isa = PBXGroup;
			children = (
				179DBB592C9A989600EEA2DF /* Model */,
				17F56D2C2C97F5D300055429 /* View */,
				17F56D292C97F5A600055429 /* ViewModel */,
				17F56D242C97EFCB00055429 /* GoogleService-Info.plist */,
				17F56D142C97ED7300055429 /* Temp */,
				17F56CEA2C97ED6600055429 /* F2LearnApp.swift */,
				17F56CEC2C97ED6600055429 /* ContentView.swift */,
				17F56CEE2C97ED6800055429 /* Assets.xcassets */,
				17F56CF02C97ED6800055429 /* Preview Content */,
			);
			path = F2Learn;
			sourceTree = "<group>";
		};
		17F56CF02C97ED6800055429 /* Preview Content */ = {
			isa = PBXGroup;
			children = (
				17F56CF12C97ED6800055429 /* Preview Assets.xcassets */,
			);
			path = "Preview Content";
			sourceTree = "<group>";
		};
		17F56CFA2C97ED6800055429 /* F2LearnTests */ = {
			isa = PBXGroup;
			children = (
				17F56CFB2C97ED6800055429 /* F2LearnTests.swift */,
			);
			path = F2LearnTests;
			sourceTree = "<group>";
		};
		17F56D042C97ED6800055429 /* F2LearnUITests */ = {
			isa = PBXGroup;
			children = (
				17F56D052C97ED6800055429 /* F2LearnUITests.swift */,
				17F56D072C97ED6800055429 /* F2LearnUITestsLaunchTests.swift */,
			);
			path = F2LearnUITests;
			sourceTree = "<group>";
		};
		17F56D142C97ED7300055429 /* Temp */ = {
			isa = PBXGroup;
			children = (
				17F56D152C97ED8E00055429 /* temp.txt */,
			);
			path = Temp;
			sourceTree = "<group>";
		};
		17F56D292C97F5A600055429 /* ViewModel */ = {
			isa = PBXGroup;
			children = (
				17C65FC72C9B2BE200972495 /* UserDashBoardViewModel.swift */,
				17F56D2A2C97F5BB00055429 /* AuthVIewModel.swift */,
				170FF0A62C9821CA004118C8 /* AdminDashBoardViewModel.swift */,
				17C5408E2C9AC23B00095530 /* PostViewModel.swift */,
			);
			path = ViewModel;
			sourceTree = "<group>";
		};
		17F56D2C2C97F5D300055429 /* View */ = {
			isa = PBXGroup;
			children = (
				1788907B2C9D2CB600C1D19F /* Extensions */,
				17C65FC32C9B1FA400972495 /* Both */,
				17C65FC22C9B1D8400972495 /* User */,
				17C65FC12C9B1B2D00972495 /* Admin */,
			);
			path = View;
			sourceTree = "<group>";
		};
/* End PBXGroup section */

/* Begin PBXNativeTarget section */
		17F56CE62C97ED6600055429 /* F2Learn */ = {
			isa = PBXNativeTarget;
			buildConfigurationList = 17F56D0B2C97ED6800055429 /* Build configuration list for PBXNativeTarget "F2Learn" */;
			buildPhases = (
				17F56CE32C97ED6600055429 /* Sources */,
				17F56CE42C97ED6600055429 /* Frameworks */,
				17F56CE52C97ED6600055429 /* Resources */,
			);
			buildRules = (
			);
			dependencies = (
			);
			name = F2Learn;
			packageProductDependencies = (
				17F56D182C97EE7E00055429 /* FirebaseAuth */,
				17F56D1A2C97EE7E00055429 /* FirebaseDatabase */,
				17F56D1C2C97EE7E00055429 /* FirebaseFirestore */,
				17F56D1E2C97EE7E00055429 /* FirebaseMessaging */,
				17F56D202C97EE7E00055429 /* FirebaseStorage */,
			);
			productName = F2Learn;
			productReference = 17F56CE72C97ED6600055429 /* F2Learn.app */;
			productType = "com.apple.product-type.application";
		};
		17F56CF62C97ED6800055429 /* F2LearnTests */ = {
			isa = PBXNativeTarget;
			buildConfigurationList = 17F56D0E2C97ED6800055429 /* Build configuration list for PBXNativeTarget "F2LearnTests" */;
			buildPhases = (
				17F56CF32C97ED6800055429 /* Sources */,
				17F56CF42C97ED6800055429 /* Frameworks */,
				17F56CF52C97ED6800055429 /* Resources */,
			);
			buildRules = (
			);
			dependencies = (
				17F56CF92C97ED6800055429 /* PBXTargetDependency */,
			);
			name = F2LearnTests;
			productName = F2LearnTests;
			productReference = 17F56CF72C97ED6800055429 /* F2LearnTests.xctest */;
			productType = "com.apple.product-type.bundle.unit-test";
		};
		17F56D002C97ED6800055429 /* F2LearnUITests */ = {
			isa = PBXNativeTarget;
			buildConfigurationList = 17F56D112C97ED6800055429 /* Build configuration list for PBXNativeTarget "F2LearnUITests" */;
			buildPhases = (
				17F56CFD2C97ED6800055429 /* Sources */,
				17F56CFE2C97ED6800055429 /* Frameworks */,
				17F56CFF2C97ED6800055429 /* Resources */,
			);
			buildRules = (
			);
			dependencies = (
				17F56D032C97ED6800055429 /* PBXTargetDependency */,
			);
			name = F2LearnUITests;
			productName = F2LearnUITests;
			productReference = 17F56D012C97ED6800055429 /* F2LearnUITests.xctest */;
			productType = "com.apple.product-type.bundle.ui-testing";
		};
/* End PBXNativeTarget section */

/* Begin PBXProject section */
		17F56CDF2C97ED6600055429 /* Project object */ = {
			isa = PBXProject;
			attributes = {
				BuildIndependentTargetsInParallel = 1;
				LastSwiftUpdateCheck = 1540;
				LastUpgradeCheck = 1540;
				TargetAttributes = {
					17F56CE62C97ED6600055429 = {
						CreatedOnToolsVersion = 15.4;
					};
					17F56CF62C97ED6800055429 = {
						CreatedOnToolsVersion = 15.4;
						TestTargetID = 17F56CE62C97ED6600055429;
					};
					17F56D002C97ED6800055429 = {
						CreatedOnToolsVersion = 15.4;
						TestTargetID = 17F56CE62C97ED6600055429;
					};
				};
			};
			buildConfigurationList = 17F56CE22C97ED6600055429 /* Build configuration list for PBXProject "F2Learn" */;
			compatibilityVersion = "Xcode 14.0";
			developmentRegion = en;
			hasScannedForEncodings = 0;
			knownRegions = (
				en,
				Base,
			);
			mainGroup = 17F56CDE2C97ED6600055429;
			packageReferences = (
				17F56D172C97EE7E00055429 /* XCRemoteSwiftPackageReference "firebase-ios-sdk" */,
			);
			productRefGroup = 17F56CE82C97ED6600055429 /* Products */;
			projectDirPath = "";
			projectRoot = "";
			targets = (
				17F56CE62C97ED6600055429 /* F2Learn */,
				17F56CF62C97ED6800055429 /* F2LearnTests */,
				17F56D002C97ED6800055429 /* F2LearnUITests */,
			);
		};
/* End PBXProject section */

/* Begin PBXResourcesBuildPhase section */
		17F56CE52C97ED6600055429 /* Resources */ = {
			isa = PBXResourcesBuildPhase;
			buildActionMask = 2147483647;
			files = (
				17F56CF22C97ED6800055429 /* Preview Assets.xcassets in Resources */,
				17F56D252C97EFCB00055429 /* GoogleService-Info.plist in Resources */,
				17F56D162C97ED8E00055429 /* temp.txt in Resources */,
				17F56CEF2C97ED6800055429 /* Assets.xcassets in Resources */,
			);
			runOnlyForDeploymentPostprocessing = 0;
		};
		17F56CF52C97ED6800055429 /* Resources */ = {
			isa = PBXResourcesBuildPhase;
			buildActionMask = 2147483647;
			files = (
			);
			runOnlyForDeploymentPostprocessing = 0;
		};
		17F56CFF2C97ED6800055429 /* Resources */ = {
			isa = PBXResourcesBuildPhase;
			buildActionMask = 2147483647;
			files = (
			);
			runOnlyForDeploymentPostprocessing = 0;
		};
/* End PBXResourcesBuildPhase section */

/* Begin PBXSourcesBuildPhase section */
		17F56CE32C97ED6600055429 /* Sources */ = {
			isa = PBXSourcesBuildPhase;
			buildActionMask = 2147483647;
			files = (
				17C65FC02C9AEB2E00972495 /* UserDashBoardView.swift in Sources */,
				17C65FCC2C9B340900972495 /* SavePostsView.swift in Sources */,
				1780210E2C9DD1FC00F02FEF /* ExploreView.swift in Sources */,
				17C185572C997DAA00FFE397 /* UserTestingView.swift in Sources */,
				178021102C9DE28200F02FEF /* UserPostView.swift in Sources */,
				17C65FCA2C9B33F200972495 /* AllPostView.swift in Sources */,
				17F56D302C97F5FA00055429 /* SignUpVIew.swift in Sources */,
				179DBB5D2C9A98C700EEA2DF /* AdminDashBoardModel.swift in Sources */,
				1714C8442C9D7C93001AE933 /* SplashScreenView.swift in Sources */,
				17F56D2B2C97F5BB00055429 /* AuthVIewModel.swift in Sources */,
				17F56CED2C97ED6600055429 /* ContentView.swift in Sources */,
				17C540912C9AC26A00095530 /* CreatePostView.swift in Sources */,
				1714C8462C9D7F55001AE933 /* WelcomeView.swift in Sources */,
				17C5408D2C9AC1FF00095530 /* Post.swift in Sources */,
				1781C47B2C987DF70084AA52 /* UserDetailView.swift in Sources */,
				17F56CEB2C97ED6600055429 /* F2LearnApp.swift in Sources */,
				17C65FBE2C9AE74F00972495 /* UnapprovedPostsView.swift in Sources */,
				1788907A2C9D2ADB00C1D19F /* ForgotPasswordView.swift in Sources */,
				17C5408F2C9AC23B00095530 /* PostViewModel.swift in Sources */,
				17F56D2E2C97F5E100055429 /* LoginView.swift in Sources */,
				1781C4792C987DC40084AA52 /* UserListView.swift in Sources */,
				17C65FC82C9B2BE200972495 /* UserDashBoardViewModel.swift in Sources */,
				1788907D2C9D2CC800C1D19F /* ColorScheme.swift in Sources */,
				170FF0A52C981BEE004118C8 /* AdminDashBoardView.swift in Sources */,
				17C540932C9AC34D00095530 /* ImagePicker.swift in Sources */,
				170FF0A72C9821CA004118C8 /* AdminDashBoardViewModel.swift in Sources */,
				1714C8482C9D86BB001AE933 /* TextView.swift in Sources */,
				179DBB5B2C9A98A500EEA2DF /* User.swift in Sources */,
				17C65FC52C9B212200972495 /* AdminPostView.swift in Sources */,
			);
			runOnlyForDeploymentPostprocessing = 0;
		};
		17F56CF32C97ED6800055429 /* Sources */ = {
			isa = PBXSourcesBuildPhase;
			buildActionMask = 2147483647;
			files = (
				17F56CFC2C97ED6800055429 /* F2LearnTests.swift in Sources */,
			);
			runOnlyForDeploymentPostprocessing = 0;
		};
		17F56CFD2C97ED6800055429 /* Sources */ = {
			isa = PBXSourcesBuildPhase;
			buildActionMask = 2147483647;
			files = (
				17F56D062C97ED6800055429 /* F2LearnUITests.swift in Sources */,
				17F56D082C97ED6800055429 /* F2LearnUITestsLaunchTests.swift in Sources */,
			);
			runOnlyForDeploymentPostprocessing = 0;
		};
/* End PBXSourcesBuildPhase section */

/* Begin PBXTargetDependency section */
		17F56CF92C97ED6800055429 /* PBXTargetDependency */ = {
			isa = PBXTargetDependency;
			target = 17F56CE62C97ED6600055429 /* F2Learn */;
			targetProxy = 17F56CF82C97ED6800055429 /* PBXContainerItemProxy */;
		};
		17F56D032C97ED6800055429 /* PBXTargetDependency */ = {
			isa = PBXTargetDependency;
			target = 17F56CE62C97ED6600055429 /* F2Learn */;
			targetProxy = 17F56D022C97ED6800055429 /* PBXContainerItemProxy */;
		};
/* End PBXTargetDependency section */

/* Begin XCBuildConfiguration section */
		17F56D092C97ED6800055429 /* Debug */ = {
			isa = XCBuildConfiguration;
			buildSettings = {
				ALWAYS_SEARCH_USER_PATHS = NO;
				ASSETCATALOG_COMPILER_GENERATE_SWIFT_ASSET_SYMBOL_EXTENSIONS = YES;
				CLANG_ANALYZER_NONNULL = YES;
				CLANG_ANALYZER_NUMBER_OBJECT_CONVERSION = YES_AGGRESSIVE;
				CLANG_CXX_LANGUAGE_STANDARD = "gnu++20";
				CLANG_ENABLE_MODULES = YES;
				CLANG_ENABLE_OBJC_ARC = YES;
				CLANG_ENABLE_OBJC_WEAK = YES;
				CLANG_WARN_BLOCK_CAPTURE_AUTORELEASING = YES;
				CLANG_WARN_BOOL_CONVERSION = YES;
				CLANG_WARN_COMMA = YES;
				CLANG_WARN_CONSTANT_CONVERSION = YES;
				CLANG_WARN_DEPRECATED_OBJC_IMPLEMENTATIONS = YES;
				CLANG_WARN_DIRECT_OBJC_ISA_USAGE = YES_ERROR;
				CLANG_WARN_DOCUMENTATION_COMMENTS = YES;
				CLANG_WARN_EMPTY_BODY = YES;
				CLANG_WARN_ENUM_CONVERSION = YES;
				CLANG_WARN_INFINITE_RECURSION = YES;
				CLANG_WARN_INT_CONVERSION = YES;
				CLANG_WARN_NON_LITERAL_NULL_CONVERSION = YES;
				CLANG_WARN_OBJC_IMPLICIT_RETAIN_SELF = YES;
				CLANG_WARN_OBJC_LITERAL_CONVERSION = YES;
				CLANG_WARN_OBJC_ROOT_CLASS = YES_ERROR;
				CLANG_WARN_QUOTED_INCLUDE_IN_FRAMEWORK_HEADER = YES;
				CLANG_WARN_RANGE_LOOP_ANALYSIS = YES;
				CLANG_WARN_STRICT_PROTOTYPES = YES;
				CLANG_WARN_SUSPICIOUS_MOVE = YES;
				CLANG_WARN_UNGUARDED_AVAILABILITY = YES_AGGRESSIVE;
				CLANG_WARN_UNREACHABLE_CODE = YES;
				CLANG_WARN__DUPLICATE_METHOD_MATCH = YES;
				COPY_PHASE_STRIP = NO;
				DEBUG_INFORMATION_FORMAT = dwarf;
				ENABLE_STRICT_OBJC_MSGSEND = YES;
				ENABLE_TESTABILITY = YES;
				ENABLE_USER_SCRIPT_SANDBOXING = YES;
				GCC_C_LANGUAGE_STANDARD = gnu17;
				GCC_DYNAMIC_NO_PIC = NO;
				GCC_NO_COMMON_BLOCKS = YES;
				GCC_OPTIMIZATION_LEVEL = 0;
				GCC_PREPROCESSOR_DEFINITIONS = (
					"DEBUG=1",
					"$(inherited)",
				);
				GCC_WARN_64_TO_32_BIT_CONVERSION = YES;
				GCC_WARN_ABOUT_RETURN_TYPE = YES_ERROR;
				GCC_WARN_UNDECLARED_SELECTOR = YES;
				GCC_WARN_UNINITIALIZED_AUTOS = YES_AGGRESSIVE;
				GCC_WARN_UNUSED_FUNCTION = YES;
				GCC_WARN_UNUSED_VARIABLE = YES;
				IPHONEOS_DEPLOYMENT_TARGET = 17.5;
				LOCALIZATION_PREFERS_STRING_CATALOGS = YES;
				MTL_ENABLE_DEBUG_INFO = INCLUDE_SOURCE;
				MTL_FAST_MATH = YES;
				ONLY_ACTIVE_ARCH = YES;
				SDKROOT = iphoneos;
				SWIFT_ACTIVE_COMPILATION_CONDITIONS = "DEBUG $(inherited)";
				SWIFT_OPTIMIZATION_LEVEL = "-Onone";
			};
			name = Debug;
		};
		17F56D0A2C97ED6800055429 /* Release */ = {
			isa = XCBuildConfiguration;
			buildSettings = {
				ALWAYS_SEARCH_USER_PATHS = NO;
				ASSETCATALOG_COMPILER_GENERATE_SWIFT_ASSET_SYMBOL_EXTENSIONS = YES;
				CLANG_ANALYZER_NONNULL = YES;
				CLANG_ANALYZER_NUMBER_OBJECT_CONVERSION = YES_AGGRESSIVE;
				CLANG_CXX_LANGUAGE_STANDARD = "gnu++20";
				CLANG_ENABLE_MODULES = YES;
				CLANG_ENABLE_OBJC_ARC = YES;
				CLANG_ENABLE_OBJC_WEAK = YES;
				CLANG_WARN_BLOCK_CAPTURE_AUTORELEASING = YES;
				CLANG_WARN_BOOL_CONVERSION = YES;
				CLANG_WARN_COMMA = YES;
				CLANG_WARN_CONSTANT_CONVERSION = YES;
				CLANG_WARN_DEPRECATED_OBJC_IMPLEMENTATIONS = YES;
				CLANG_WARN_DIRECT_OBJC_ISA_USAGE = YES_ERROR;
				CLANG_WARN_DOCUMENTATION_COMMENTS = YES;
				CLANG_WARN_EMPTY_BODY = YES;
				CLANG_WARN_ENUM_CONVERSION = YES;
				CLANG_WARN_INFINITE_RECURSION = YES;
				CLANG_WARN_INT_CONVERSION = YES;
				CLANG_WARN_NON_LITERAL_NULL_CONVERSION = YES;
				CLANG_WARN_OBJC_IMPLICIT_RETAIN_SELF = YES;
				CLANG_WARN_OBJC_LITERAL_CONVERSION = YES;
				CLANG_WARN_OBJC_ROOT_CLASS = YES_ERROR;
				CLANG_WARN_QUOTED_INCLUDE_IN_FRAMEWORK_HEADER = YES;
				CLANG_WARN_RANGE_LOOP_ANALYSIS = YES;
				CLANG_WARN_STRICT_PROTOTYPES = YES;
				CLANG_WARN_SUSPICIOUS_MOVE = YES;
				CLANG_WARN_UNGUARDED_AVAILABILITY = YES_AGGRESSIVE;
				CLANG_WARN_UNREACHABLE_CODE = YES;
				CLANG_WARN__DUPLICATE_METHOD_MATCH = YES;
				COPY_PHASE_STRIP = NO;
				DEBUG_INFORMATION_FORMAT = "dwarf-with-dsym";
				ENABLE_NS_ASSERTIONS = NO;
				ENABLE_STRICT_OBJC_MSGSEND = YES;
				ENABLE_USER_SCRIPT_SANDBOXING = YES;
				GCC_C_LANGUAGE_STANDARD = gnu17;
				GCC_NO_COMMON_BLOCKS = YES;
				GCC_WARN_64_TO_32_BIT_CONVERSION = YES;
				GCC_WARN_ABOUT_RETURN_TYPE = YES_ERROR;
				GCC_WARN_UNDECLARED_SELECTOR = YES;
				GCC_WARN_UNINITIALIZED_AUTOS = YES_AGGRESSIVE;
				GCC_WARN_UNUSED_FUNCTION = YES;
				GCC_WARN_UNUSED_VARIABLE = YES;
				IPHONEOS_DEPLOYMENT_TARGET = 17.5;
				LOCALIZATION_PREFERS_STRING_CATALOGS = YES;
				MTL_ENABLE_DEBUG_INFO = NO;
				MTL_FAST_MATH = YES;
				SDKROOT = iphoneos;
				SWIFT_COMPILATION_MODE = wholemodule;
				VALIDATE_PRODUCT = YES;
			};
			name = Release;
		};
		17F56D0C2C97ED6800055429 /* Debug */ = {
			isa = XCBuildConfiguration;
			buildSettings = {
				ASSETCATALOG_COMPILER_APPICON_NAME = AppIcon;
				ASSETCATALOG_COMPILER_GLOBAL_ACCENT_COLOR_NAME = AccentColor;
				CODE_SIGN_STYLE = Automatic;
				CURRENT_PROJECT_VERSION = 1;
				DEVELOPMENT_ASSET_PATHS = "\"F2Learn/Preview Content\"";
				ENABLE_PREVIEWS = YES;
				GENERATE_INFOPLIST_FILE = YES;
				INFOPLIST_KEY_UIApplicationSceneManifest_Generation = YES;
				INFOPLIST_KEY_UIApplicationSupportsIndirectInputEvents = YES;
				INFOPLIST_KEY_UILaunchScreen_Generation = YES;
				INFOPLIST_KEY_UISupportedInterfaceOrientations_iPad = "UIInterfaceOrientationPortrait UIInterfaceOrientationPortraitUpsideDown UIInterfaceOrientationLandscapeLeft UIInterfaceOrientationLandscapeRight";
				INFOPLIST_KEY_UISupportedInterfaceOrientations_iPhone = "UIInterfaceOrientationPortrait UIInterfaceOrientationLandscapeLeft UIInterfaceOrientationLandscapeRight";
				LD_RUNPATH_SEARCH_PATHS = (
					"$(inherited)",
					"@executable_path/Frameworks",
				);
				MARKETING_VERSION = 1.0;
				PRODUCT_BUNDLE_IDENTIFIER = com.F2Learn;
				PRODUCT_NAME = "$(TARGET_NAME)";
				SWIFT_EMIT_LOC_STRINGS = YES;
				SWIFT_VERSION = 5.0;
				TARGETED_DEVICE_FAMILY = "1,2";
			};
			name = Debug;
		};
		17F56D0D2C97ED6800055429 /* Release */ = {
			isa = XCBuildConfiguration;
			buildSettings = {
				ASSETCATALOG_COMPILER_APPICON_NAME = AppIcon;
				ASSETCATALOG_COMPILER_GLOBAL_ACCENT_COLOR_NAME = AccentColor;
				CODE_SIGN_STYLE = Automatic;
				CURRENT_PROJECT_VERSION = 1;
				DEVELOPMENT_ASSET_PATHS = "\"F2Learn/Preview Content\"";
				ENABLE_PREVIEWS = YES;
				GENERATE_INFOPLIST_FILE = YES;
				INFOPLIST_KEY_UIApplicationSceneManifest_Generation = YES;
				INFOPLIST_KEY_UIApplicationSupportsIndirectInputEvents = YES;
				INFOPLIST_KEY_UILaunchScreen_Generation = YES;
				INFOPLIST_KEY_UISupportedInterfaceOrientations_iPad = "UIInterfaceOrientationPortrait UIInterfaceOrientationPortraitUpsideDown UIInterfaceOrientationLandscapeLeft UIInterfaceOrientationLandscapeRight";
				INFOPLIST_KEY_UISupportedInterfaceOrientations_iPhone = "UIInterfaceOrientationPortrait UIInterfaceOrientationLandscapeLeft UIInterfaceOrientationLandscapeRight";
				LD_RUNPATH_SEARCH_PATHS = (
					"$(inherited)",
					"@executable_path/Frameworks",
				);
				MARKETING_VERSION = 1.0;
				PRODUCT_BUNDLE_IDENTIFIER = com.F2Learn;
				PRODUCT_NAME = "$(TARGET_NAME)";
				SWIFT_EMIT_LOC_STRINGS = YES;
				SWIFT_VERSION = 5.0;
				TARGETED_DEVICE_FAMILY = "1,2";
			};
			name = Release;
		};
		17F56D0F2C97ED6800055429 /* Debug */ = {
			isa = XCBuildConfiguration;
			buildSettings = {
				ALWAYS_EMBED_SWIFT_STANDARD_LIBRARIES = YES;
				BUNDLE_LOADER = "$(TEST_HOST)";
				CODE_SIGN_STYLE = Automatic;
				CURRENT_PROJECT_VERSION = 1;
				GENERATE_INFOPLIST_FILE = YES;
				IPHONEOS_DEPLOYMENT_TARGET = 17.5;
				MARKETING_VERSION = 1.0;
				PRODUCT_BUNDLE_IDENTIFIER = com.F2LearnTests;
				PRODUCT_NAME = "$(TARGET_NAME)";
				SWIFT_EMIT_LOC_STRINGS = NO;
				SWIFT_VERSION = 5.0;
				TARGETED_DEVICE_FAMILY = "1,2";
				TEST_HOST = "$(BUILT_PRODUCTS_DIR)/F2Learn.app/$(BUNDLE_EXECUTABLE_FOLDER_PATH)/F2Learn";
			};
			name = Debug;
		};
		17F56D102C97ED6800055429 /* Release */ = {
			isa = XCBuildConfiguration;
			buildSettings = {
				ALWAYS_EMBED_SWIFT_STANDARD_LIBRARIES = YES;
				BUNDLE_LOADER = "$(TEST_HOST)";
				CODE_SIGN_STYLE = Automatic;
				CURRENT_PROJECT_VERSION = 1;
				GENERATE_INFOPLIST_FILE = YES;
				IPHONEOS_DEPLOYMENT_TARGET = 17.5;
				MARKETING_VERSION = 1.0;
				PRODUCT_BUNDLE_IDENTIFIER = com.F2LearnTests;
				PRODUCT_NAME = "$(TARGET_NAME)";
				SWIFT_EMIT_LOC_STRINGS = NO;
				SWIFT_VERSION = 5.0;
				TARGETED_DEVICE_FAMILY = "1,2";
				TEST_HOST = "$(BUILT_PRODUCTS_DIR)/F2Learn.app/$(BUNDLE_EXECUTABLE_FOLDER_PATH)/F2Learn";
			};
			name = Release;
		};
		17F56D122C97ED6800055429 /* Debug */ = {
			isa = XCBuildConfiguration;
			buildSettings = {
				ALWAYS_EMBED_SWIFT_STANDARD_LIBRARIES = YES;
				CODE_SIGN_STYLE = Automatic;
				CURRENT_PROJECT_VERSION = 1;
				GENERATE_INFOPLIST_FILE = YES;
				MARKETING_VERSION = 1.0;
				PRODUCT_BUNDLE_IDENTIFIER = com.F2LearnUITests;
				PRODUCT_NAME = "$(TARGET_NAME)";
				SWIFT_EMIT_LOC_STRINGS = NO;
				SWIFT_VERSION = 5.0;
				TARGETED_DEVICE_FAMILY = "1,2";
				TEST_TARGET_NAME = F2Learn;
			};
			name = Debug;
		};
		17F56D132C97ED6800055429 /* Release */ = {
			isa = XCBuildConfiguration;
			buildSettings = {
				ALWAYS_EMBED_SWIFT_STANDARD_LIBRARIES = YES;
				CODE_SIGN_STYLE = Automatic;
				CURRENT_PROJECT_VERSION = 1;
				GENERATE_INFOPLIST_FILE = YES;
				MARKETING_VERSION = 1.0;
				PRODUCT_BUNDLE_IDENTIFIER = com.F2LearnUITests;
				PRODUCT_NAME = "$(TARGET_NAME)";
				SWIFT_EMIT_LOC_STRINGS = NO;
				SWIFT_VERSION = 5.0;
				TARGETED_DEVICE_FAMILY = "1,2";
				TEST_TARGET_NAME = F2Learn;
			};
			name = Release;
		};
/* End XCBuildConfiguration section */

/* Begin XCConfigurationList section */
		17F56CE22C97ED6600055429 /* Build configuration list for PBXProject "F2Learn" */ = {
			isa = XCConfigurationList;
			buildConfigurations = (
				17F56D092C97ED6800055429 /* Debug */,
				17F56D0A2C97ED6800055429 /* Release */,
			);
			defaultConfigurationIsVisible = 0;
			defaultConfigurationName = Release;
		};
		17F56D0B2C97ED6800055429 /* Build configuration list for PBXNativeTarget "F2Learn" */ = {
			isa = XCConfigurationList;
			buildConfigurations = (
				17F56D0C2C97ED6800055429 /* Debug */,
				17F56D0D2C97ED6800055429 /* Release */,
			);
			defaultConfigurationIsVisible = 0;
			defaultConfigurationName = Release;
		};
		17F56D0E2C97ED6800055429 /* Build configuration list for PBXNativeTarget "F2LearnTests" */ = {
			isa = XCConfigurationList;
			buildConfigurations = (
				17F56D0F2C97ED6800055429 /* Debug */,
				17F56D102C97ED6800055429 /* Release */,
			);
			defaultConfigurationIsVisible = 0;
			defaultConfigurationName = Release;
		};
		17F56D112C97ED6800055429 /* Build configuration list for PBXNativeTarget "F2LearnUITests" */ = {
			isa = XCConfigurationList;
			buildConfigurations = (
				17F56D122C97ED6800055429 /* Debug */,
				17F56D132C97ED6800055429 /* Release */,
			);
			defaultConfigurationIsVisible = 0;
			defaultConfigurationName = Release;
		};
/* End XCConfigurationList section */

/* Begin XCRemoteSwiftPackageReference section */
		17F56D172C97EE7E00055429 /* XCRemoteSwiftPackageReference "firebase-ios-sdk" */ = {
			isa = XCRemoteSwiftPackageReference;
			repositoryURL = "https://github.com/firebase/firebase-ios-sdk";
			requirement = {
				kind = upToNextMajorVersion;
				minimumVersion = 11.2.0;
			};
		};
/* End XCRemoteSwiftPackageReference section */

/* Begin XCSwiftPackageProductDependency section */
		17F56D182C97EE7E00055429 /* FirebaseAuth */ = {
			isa = XCSwiftPackageProductDependency;
			package = 17F56D172C97EE7E00055429 /* XCRemoteSwiftPackageReference "firebase-ios-sdk" */;
			productName = FirebaseAuth;
		};
		17F56D1A2C97EE7E00055429 /* FirebaseDatabase */ = {
			isa = XCSwiftPackageProductDependency;
			package = 17F56D172C97EE7E00055429 /* XCRemoteSwiftPackageReference "firebase-ios-sdk" */;
			productName = FirebaseDatabase;
		};
		17F56D1C2C97EE7E00055429 /* FirebaseFirestore */ = {
			isa = XCSwiftPackageProductDependency;
			package = 17F56D172C97EE7E00055429 /* XCRemoteSwiftPackageReference "firebase-ios-sdk" */;
			productName = FirebaseFirestore;
		};
		17F56D1E2C97EE7E00055429 /* FirebaseMessaging */ = {
			isa = XCSwiftPackageProductDependency;
			package = 17F56D172C97EE7E00055429 /* XCRemoteSwiftPackageReference "firebase-ios-sdk" */;
			productName = FirebaseMessaging;
		};
		17F56D202C97EE7E00055429 /* FirebaseStorage */ = {
			isa = XCSwiftPackageProductDependency;
			package = 17F56D172C97EE7E00055429 /* XCRemoteSwiftPackageReference "firebase-ios-sdk" */;
			productName = FirebaseStorage;
		};
/* End XCSwiftPackageProductDependency section */
	};
	rootObject = 17F56CDF2C97ED6600055429 /* Project object */;
}
