// !$*UTF8*$!
{
	archiveVersion = 1;
	classes = {
	};
	objectVersion = 56;
	objects = {

/* Begin PBXBuildFile section */
		17BE61FC2C93C20800CF027C /* f2learnApp.swift in Sources */ = {isa = PBXBuildFile; fileRef = 17BE61FB2C93C20800CF027C /* f2learnApp.swift */; };
		17BE61FE2C93C20800CF027C /* ContentView.swift in Sources */ = {isa = PBXBuildFile; fileRef = 17BE61FD2C93C20800CF027C /* ContentView.swift */; };
		17BE62002C93C20A00CF027C /* Assets.xcassets in Resources */ = {isa = PBXBuildFile; fileRef = 17BE61FF2C93C20A00CF027C /* Assets.xcassets */; };
		17BE62032C93C20A00CF027C /* Preview Assets.xcassets in Resources */ = {isa = PBXBuildFile; fileRef = 17BE62022C93C20A00CF027C /* Preview Assets.xcassets */; };
		17BE620D2C93C20A00CF027C /* f2learnTests.swift in Sources */ = {isa = PBXBuildFile; fileRef = 17BE620C2C93C20A00CF027C /* f2learnTests.swift */; };
		17BE62172C93C20A00CF027C /* f2learnUITests.swift in Sources */ = {isa = PBXBuildFile; fileRef = 17BE62162C93C20A00CF027C /* f2learnUITests.swift */; };
		17BE62192C93C20A00CF027C /* f2learnUITestsLaunchTests.swift in Sources */ = {isa = PBXBuildFile; fileRef = 17BE62182C93C20A00CF027C /* f2learnUITestsLaunchTests.swift */; };
/* End PBXBuildFile section */

/* Begin PBXContainerItemProxy section */
		17BE62092C93C20A00CF027C /* PBXContainerItemProxy */ = {
			isa = PBXContainerItemProxy;
			containerPortal = 17BE61F02C93C20800CF027C /* Project object */;
			proxyType = 1;
			remoteGlobalIDString = 17BE61F72C93C20800CF027C;
			remoteInfo = f2learn;
		};
		17BE62132C93C20A00CF027C /* PBXContainerItemProxy */ = {
			isa = PBXContainerItemProxy;
			containerPortal = 17BE61F02C93C20800CF027C /* Project object */;
			proxyType = 1;
			remoteGlobalIDString = 17BE61F72C93C20800CF027C;
			remoteInfo = f2learn;
		};
/* End PBXContainerItemProxy section */

/* Begin PBXFileReference section */
		17BE61F82C93C20800CF027C /* f2learn.app */ = {isa = PBXFileReference; explicitFileType = wrapper.application; includeInIndex = 0; path = f2learn.app; sourceTree = BUILT_PRODUCTS_DIR; };
		17BE61FB2C93C20800CF027C /* f2learnApp.swift */ = {isa = PBXFileReference; lastKnownFileType = sourcecode.swift; path = f2learnApp.swift; sourceTree = "<group>"; };
		17BE61FD2C93C20800CF027C /* ContentView.swift */ = {isa = PBXFileReference; lastKnownFileType = sourcecode.swift; path = ContentView.swift; sourceTree = "<group>"; };
		17BE61FF2C93C20A00CF027C /* Assets.xcassets */ = {isa = PBXFileReference; lastKnownFileType = folder.assetcatalog; path = Assets.xcassets; sourceTree = "<group>"; };
		17BE62022C93C20A00CF027C /* Preview Assets.xcassets */ = {isa = PBXFileReference; lastKnownFileType = folder.assetcatalog; path = "Preview Assets.xcassets"; sourceTree = "<group>"; };
		17BE62082C93C20A00CF027C /* f2learnTests.xctest */ = {isa = PBXFileReference; explicitFileType = wrapper.cfbundle; includeInIndex = 0; path = f2learnTests.xctest; sourceTree = BUILT_PRODUCTS_DIR; };
		17BE620C2C93C20A00CF027C /* f2learnTests.swift */ = {isa = PBXFileReference; lastKnownFileType = sourcecode.swift; path = f2learnTests.swift; sourceTree = "<group>"; };
		17BE62122C93C20A00CF027C /* f2learnUITests.xctest */ = {isa = PBXFileReference; explicitFileType = wrapper.cfbundle; includeInIndex = 0; path = f2learnUITests.xctest; sourceTree = BUILT_PRODUCTS_DIR; };
		17BE62162C93C20A00CF027C /* f2learnUITests.swift */ = {isa = PBXFileReference; lastKnownFileType = sourcecode.swift; path = f2learnUITests.swift; sourceTree = "<group>"; };
		17BE62182C93C20A00CF027C /* f2learnUITestsLaunchTests.swift */ = {isa = PBXFileReference; lastKnownFileType = sourcecode.swift; path = f2learnUITestsLaunchTests.swift; sourceTree = "<group>"; };
/* End PBXFileReference section */

/* Begin PBXFrameworksBuildPhase section */
		17BE61F52C93C20800CF027C /* Frameworks */ = {
			isa = PBXFrameworksBuildPhase;
			buildActionMask = 2147483647;
			files = (
			);
			runOnlyForDeploymentPostprocessing = 0;
		};
		17BE62052C93C20A00CF027C /* Frameworks */ = {
			isa = PBXFrameworksBuildPhase;
			buildActionMask = 2147483647;
			files = (
			);
			runOnlyForDeploymentPostprocessing = 0;
		};
		17BE620F2C93C20A00CF027C /* Frameworks */ = {
			isa = PBXFrameworksBuildPhase;
			buildActionMask = 2147483647;
			files = (
			);
			runOnlyForDeploymentPostprocessing = 0;
		};
/* End PBXFrameworksBuildPhase section */

/* Begin PBXGroup section */
		17BE61EF2C93C20800CF027C = {
			isa = PBXGroup;
			children = (
				17BE61FA2C93C20800CF027C /* f2learn */,
				17BE620B2C93C20A00CF027C /* f2learnTests */,
				17BE62152C93C20A00CF027C /* f2learnUITests */,
				17BE61F92C93C20800CF027C /* Products */,
			);
			sourceTree = "<group>";
		};
		17BE61F92C93C20800CF027C /* Products */ = {
			isa = PBXGroup;
			children = (
				17BE61F82C93C20800CF027C /* f2learn.app */,
				17BE62082C93C20A00CF027C /* f2learnTests.xctest */,
				17BE62122C93C20A00CF027C /* f2learnUITests.xctest */,
			);
			name = Products;
			sourceTree = "<group>";
		};
		17BE61FA2C93C20800CF027C /* f2learn */ = {
			isa = PBXGroup;
			children = (
				17BE61FB2C93C20800CF027C /* f2learnApp.swift */,
				17BE61FD2C93C20800CF027C /* ContentView.swift */,
				17BE61FF2C93C20A00CF027C /* Assets.xcassets */,
				17BE62012C93C20A00CF027C /* Preview Content */,
			);
			path = f2learn;
			sourceTree = "<group>";
		};
		17BE62012C93C20A00CF027C /* Preview Content */ = {
			isa = PBXGroup;
			children = (
				17BE62022C93C20A00CF027C /* Preview Assets.xcassets */,
			);
			path = "Preview Content";
			sourceTree = "<group>";
		};
		17BE620B2C93C20A00CF027C /* f2learnTests */ = {
			isa = PBXGroup;
			children = (
				17BE620C2C93C20A00CF027C /* f2learnTests.swift */,
			);
			path = f2learnTests;
			sourceTree = "<group>";
		};
		17BE62152C93C20A00CF027C /* f2learnUITests */ = {
			isa = PBXGroup;
			children = (
				17BE62162C93C20A00CF027C /* f2learnUITests.swift */,
				17BE62182C93C20A00CF027C /* f2learnUITestsLaunchTests.swift */,
			);
			path = f2learnUITests;
			sourceTree = "<group>";
		};
/* End PBXGroup section */

/* Begin PBXNativeTarget section */
		17BE61F72C93C20800CF027C /* f2learn */ = {
			isa = PBXNativeTarget;
			buildConfigurationList = 17BE621C2C93C20A00CF027C /* Build configuration list for PBXNativeTarget "f2learn" */;
			buildPhases = (
				17BE61F42C93C20800CF027C /* Sources */,
				17BE61F52C93C20800CF027C /* Frameworks */,
				17BE61F62C93C20800CF027C /* Resources */,
			);
			buildRules = (
			);
			dependencies = (
			);
			name = f2learn;
			productName = f2learn;
			productReference = 17BE61F82C93C20800CF027C /* f2learn.app */;
			productType = "com.apple.product-type.application";
		};
		17BE62072C93C20A00CF027C /* f2learnTests */ = {
			isa = PBXNativeTarget;
			buildConfigurationList = 17BE621F2C93C20A00CF027C /* Build configuration list for PBXNativeTarget "f2learnTests" */;
			buildPhases = (
				17BE62042C93C20A00CF027C /* Sources */,
				17BE62052C93C20A00CF027C /* Frameworks */,
				17BE62062C93C20A00CF027C /* Resources */,
			);
			buildRules = (
			);
			dependencies = (
				17BE620A2C93C20A00CF027C /* PBXTargetDependency */,
			);
			name = f2learnTests;
			productName = f2learnTests;
			productReference = 17BE62082C93C20A00CF027C /* f2learnTests.xctest */;
			productType = "com.apple.product-type.bundle.unit-test";
		};
		17BE62112C93C20A00CF027C /* f2learnUITests */ = {
			isa = PBXNativeTarget;
			buildConfigurationList = 17BE62222C93C20A00CF027C /* Build configuration list for PBXNativeTarget "f2learnUITests" */;
			buildPhases = (
				17BE620E2C93C20A00CF027C /* Sources */,
				17BE620F2C93C20A00CF027C /* Frameworks */,
				17BE62102C93C20A00CF027C /* Resources */,
			);
			buildRules = (
			);
			dependencies = (
				17BE62142C93C20A00CF027C /* PBXTargetDependency */,
			);
			name = f2learnUITests;
			productName = f2learnUITests;
			productReference = 17BE62122C93C20A00CF027C /* f2learnUITests.xctest */;
			productType = "com.apple.product-type.bundle.ui-testing";
		};
/* End PBXNativeTarget section */

/* Begin PBXProject section */
		17BE61F02C93C20800CF027C /* Project object */ = {
			isa = PBXProject;
			attributes = {
				BuildIndependentTargetsInParallel = 1;
				LastSwiftUpdateCheck = 1540;
				LastUpgradeCheck = 1540;
				TargetAttributes = {
					17BE61F72C93C20800CF027C = {
						CreatedOnToolsVersion = 15.4;
					};
					17BE62072C93C20A00CF027C = {
						CreatedOnToolsVersion = 15.4;
						TestTargetID = 17BE61F72C93C20800CF027C;
					};
					17BE62112C93C20A00CF027C = {
						CreatedOnToolsVersion = 15.4;
						TestTargetID = 17BE61F72C93C20800CF027C;
					};
				};
			};
			buildConfigurationList = 17BE61F32C93C20800CF027C /* Build configuration list for PBXProject "f2learn" */;
			compatibilityVersion = "Xcode 14.0";
			developmentRegion = en;
			hasScannedForEncodings = 0;
			knownRegions = (
				en,
				Base,
			);
			mainGroup = 17BE61EF2C93C20800CF027C;
			productRefGroup = 17BE61F92C93C20800CF027C /* Products */;
			projectDirPath = "";
			projectRoot = "";
			targets = (
				17BE61F72C93C20800CF027C /* f2learn */,
				17BE62072C93C20A00CF027C /* f2learnTests */,
				17BE62112C93C20A00CF027C /* f2learnUITests */,
			);
		};
/* End PBXProject section */

/* Begin PBXResourcesBuildPhase section */
		17BE61F62C93C20800CF027C /* Resources */ = {
			isa = PBXResourcesBuildPhase;
			buildActionMask = 2147483647;
			files = (
				17BE62032C93C20A00CF027C /* Preview Assets.xcassets in Resources */,
				17BE62002C93C20A00CF027C /* Assets.xcassets in Resources */,
			);
			runOnlyForDeploymentPostprocessing = 0;
		};
		17BE62062C93C20A00CF027C /* Resources */ = {
			isa = PBXResourcesBuildPhase;
			buildActionMask = 2147483647;
			files = (
			);
			runOnlyForDeploymentPostprocessing = 0;
		};
		17BE62102C93C20A00CF027C /* Resources */ = {
			isa = PBXResourcesBuildPhase;
			buildActionMask = 2147483647;
			files = (
			);
			runOnlyForDeploymentPostprocessing = 0;
		};
/* End PBXResourcesBuildPhase section */

/* Begin PBXSourcesBuildPhase section */
		17BE61F42C93C20800CF027C /* Sources */ = {
			isa = PBXSourcesBuildPhase;
			buildActionMask = 2147483647;
			files = (
				17BE61FE2C93C20800CF027C /* ContentView.swift in Sources */,
				17BE61FC2C93C20800CF027C /* f2learnApp.swift in Sources */,
			);
			runOnlyForDeploymentPostprocessing = 0;
		};
		17BE62042C93C20A00CF027C /* Sources */ = {
			isa = PBXSourcesBuildPhase;
			buildActionMask = 2147483647;
			files = (
				17BE620D2C93C20A00CF027C /* f2learnTests.swift in Sources */,
			);
			runOnlyForDeploymentPostprocessing = 0;
		};
		17BE620E2C93C20A00CF027C /* Sources */ = {
			isa = PBXSourcesBuildPhase;
			buildActionMask = 2147483647;
			files = (
				17BE62172C93C20A00CF027C /* f2learnUITests.swift in Sources */,
				17BE62192C93C20A00CF027C /* f2learnUITestsLaunchTests.swift in Sources */,
			);
			runOnlyForDeploymentPostprocessing = 0;
		};
/* End PBXSourcesBuildPhase section */

/* Begin PBXTargetDependency section */
		17BE620A2C93C20A00CF027C /* PBXTargetDependency */ = {
			isa = PBXTargetDependency;
			target = 17BE61F72C93C20800CF027C /* f2learn */;
			targetProxy = 17BE62092C93C20A00CF027C /* PBXContainerItemProxy */;
		};
		17BE62142C93C20A00CF027C /* PBXTargetDependency */ = {
			isa = PBXTargetDependency;
			target = 17BE61F72C93C20800CF027C /* f2learn */;
			targetProxy = 17BE62132C93C20A00CF027C /* PBXContainerItemProxy */;
		};
/* End PBXTargetDependency section */

/* Begin XCBuildConfiguration section */
		17BE621A2C93C20A00CF027C /* Debug */ = {
			isa = XCBuildConfiguration;
			buildSettings = {
				ALWAYS_SEARCH_USER_PATHS = NO;
				ASSETCATALOG_COMPILER_GENERATE_SWIFT_ASSET_SYMBOL_EXTENSIONS = YES;
				CLANG_ANALYZER_NONNULL = YES;
				CLANG_ANALYZER_NUMBER_OBJECT_CONVERSION = YES_AGGRESSIVE;
				CLANG_CXX_LANGUAGE_STANDARD = "gnu++20";
				CLANG_ENABLE_MODULES = YES;
				CLANG_ENABLE_OBJC_ARC = YES;
				CLANG_ENABLE_OBJC_WEAK = YES;
				CLANG_WARN_BLOCK_CAPTURE_AUTORELEASING = YES;
				CLANG_WARN_BOOL_CONVERSION = YES;
				CLANG_WARN_COMMA = YES;
				CLANG_WARN_CONSTANT_CONVERSION = YES;
				CLANG_WARN_DEPRECATED_OBJC_IMPLEMENTATIONS = YES;
				CLANG_WARN_DIRECT_OBJC_ISA_USAGE = YES_ERROR;
				CLANG_WARN_DOCUMENTATION_COMMENTS = YES;
				CLANG_WARN_EMPTY_BODY = YES;
				CLANG_WARN_ENUM_CONVERSION = YES;
				CLANG_WARN_INFINITE_RECURSION = YES;
				CLANG_WARN_INT_CONVERSION = YES;
				CLANG_WARN_NON_LITERAL_NULL_CONVERSION = YES;
				CLANG_WARN_OBJC_IMPLICIT_RETAIN_SELF = YES;
				CLANG_WARN_OBJC_LITERAL_CONVERSION = YES;
				CLANG_WARN_OBJC_ROOT_CLASS = YES_ERROR;
				CLANG_WARN_QUOTED_INCLUDE_IN_FRAMEWORK_HEADER = YES;
				CLANG_WARN_RANGE_LOOP_ANALYSIS = YES;
				CLANG_WARN_STRICT_PROTOTYPES = YES;
				CLANG_WARN_SUSPICIOUS_MOVE = YES;
				CLANG_WARN_UNGUARDED_AVAILABILITY = YES_AGGRESSIVE;
				CLANG_WARN_UNREACHABLE_CODE = YES;
				CLANG_WARN__DUPLICATE_METHOD_MATCH = YES;
				COPY_PHASE_STRIP = NO;
				DEBUG_INFORMATION_FORMAT = dwarf;
				ENABLE_STRICT_OBJC_MSGSEND = YES;
				ENABLE_TESTABILITY = YES;
				ENABLE_USER_SCRIPT_SANDBOXING = YES;
				GCC_C_LANGUAGE_STANDARD = gnu17;
				GCC_DYNAMIC_NO_PIC = NO;
				GCC_NO_COMMON_BLOCKS = YES;
				GCC_OPTIMIZATION_LEVEL = 0;
				GCC_PREPROCESSOR_DEFINITIONS = (
					"DEBUG=1",
					"$(inherited)",
				);
				GCC_WARN_64_TO_32_BIT_CONVERSION = YES;
				GCC_WARN_ABOUT_RETURN_TYPE = YES_ERROR;
				GCC_WARN_UNDECLARED_SELECTOR = YES;
				GCC_WARN_UNINITIALIZED_AUTOS = YES_AGGRESSIVE;
				GCC_WARN_UNUSED_FUNCTION = YES;
				GCC_WARN_UNUSED_VARIABLE = YES;
				IPHONEOS_DEPLOYMENT_TARGET = 17.5;
				LOCALIZATION_PREFERS_STRING_CATALOGS = YES;
				MTL_ENABLE_DEBUG_INFO = INCLUDE_SOURCE;
				MTL_FAST_MATH = YES;
				ONLY_ACTIVE_ARCH = YES;
				SDKROOT = iphoneos;
				SWIFT_ACTIVE_COMPILATION_CONDITIONS = "DEBUG $(inherited)";
				SWIFT_OPTIMIZATION_LEVEL = "-Onone";
			};
			name = Debug;
		};
		17BE621B2C93C20A00CF027C /* Release */ = {
			isa = XCBuildConfiguration;
			buildSettings = {
				ALWAYS_SEARCH_USER_PATHS = NO;
				ASSETCATALOG_COMPILER_GENERATE_SWIFT_ASSET_SYMBOL_EXTENSIONS = YES;
				CLANG_ANALYZER_NONNULL = YES;
				CLANG_ANALYZER_NUMBER_OBJECT_CONVERSION = YES_AGGRESSIVE;
				CLANG_CXX_LANGUAGE_STANDARD = "gnu++20";
				CLANG_ENABLE_MODULES = YES;
				CLANG_ENABLE_OBJC_ARC = YES;
				CLANG_ENABLE_OBJC_WEAK = YES;
				CLANG_WARN_BLOCK_CAPTURE_AUTORELEASING = YES;
				CLANG_WARN_BOOL_CONVERSION = YES;
				CLANG_WARN_COMMA = YES;
				CLANG_WARN_CONSTANT_CONVERSION = YES;
				CLANG_WARN_DEPRECATED_OBJC_IMPLEMENTATIONS = YES;
				CLANG_WARN_DIRECT_OBJC_ISA_USAGE = YES_ERROR;
				CLANG_WARN_DOCUMENTATION_COMMENTS = YES;
				CLANG_WARN_EMPTY_BODY = YES;
				CLANG_WARN_ENUM_CONVERSION = YES;
				CLANG_WARN_INFINITE_RECURSION = YES;
				CLANG_WARN_INT_CONVERSION = YES;
				CLANG_WARN_NON_LITERAL_NULL_CONVERSION = YES;
				CLANG_WARN_OBJC_IMPLICIT_RETAIN_SELF = YES;
				CLANG_WARN_OBJC_LITERAL_CONVERSION = YES;
				CLANG_WARN_OBJC_ROOT_CLASS = YES_ERROR;
				CLANG_WARN_QUOTED_INCLUDE_IN_FRAMEWORK_HEADER = YES;
				CLANG_WARN_RANGE_LOOP_ANALYSIS = YES;
				CLANG_WARN_STRICT_PROTOTYPES = YES;
				CLANG_WARN_SUSPICIOUS_MOVE = YES;
				CLANG_WARN_UNGUARDED_AVAILABILITY = YES_AGGRESSIVE;
				CLANG_WARN_UNREACHABLE_CODE = YES;
				CLANG_WARN__DUPLICATE_METHOD_MATCH = YES;
				COPY_PHASE_STRIP = NO;
				DEBUG_INFORMATION_FORMAT = "dwarf-with-dsym";
				ENABLE_NS_ASSERTIONS = NO;
				ENABLE_STRICT_OBJC_MSGSEND = YES;
				ENABLE_USER_SCRIPT_SANDBOXING = YES;
				GCC_C_LANGUAGE_STANDARD = gnu17;
				GCC_NO_COMMON_BLOCKS = YES;
				GCC_WARN_64_TO_32_BIT_CONVERSION = YES;
				GCC_WARN_ABOUT_RETURN_TYPE = YES_ERROR;
				GCC_WARN_UNDECLARED_SELECTOR = YES;
				GCC_WARN_UNINITIALIZED_AUTOS = YES_AGGRESSIVE;
				GCC_WARN_UNUSED_FUNCTION = YES;
				GCC_WARN_UNUSED_VARIABLE = YES;
				IPHONEOS_DEPLOYMENT_TARGET = 17.5;
				LOCALIZATION_PREFERS_STRING_CATALOGS = YES;
				MTL_ENABLE_DEBUG_INFO = NO;
				MTL_FAST_MATH = YES;
				SDKROOT = iphoneos;
				SWIFT_COMPILATION_MODE = wholemodule;
				VALIDATE_PRODUCT = YES;
			};
			name = Release;
		};
		17BE621D2C93C20A00CF027C /* Debug */ = {
			isa = XCBuildConfiguration;
			buildSettings = {
				ASSETCATALOG_COMPILER_APPICON_NAME = AppIcon;
				ASSETCATALOG_COMPILER_GLOBAL_ACCENT_COLOR_NAME = AccentColor;
				CODE_SIGN_STYLE = Automatic;
				CURRENT_PROJECT_VERSION = 1;
				DEVELOPMENT_ASSET_PATHS = "\"f2learn/Preview Content\"";
				ENABLE_PREVIEWS = YES;
				GENERATE_INFOPLIST_FILE = YES;
				INFOPLIST_KEY_UIApplicationSceneManifest_Generation = YES;
				INFOPLIST_KEY_UIApplicationSupportsIndirectInputEvents = YES;
				INFOPLIST_KEY_UILaunchScreen_Generation = YES;
				INFOPLIST_KEY_UISupportedInterfaceOrientations_iPad = "UIInterfaceOrientationPortrait UIInterfaceOrientationPortraitUpsideDown UIInterfaceOrientationLandscapeLeft UIInterfaceOrientationLandscapeRight";
				INFOPLIST_KEY_UISupportedInterfaceOrientations_iPhone = "UIInterfaceOrientationPortrait UIInterfaceOrientationLandscapeLeft UIInterfaceOrientationLandscapeRight";
				LD_RUNPATH_SEARCH_PATHS = (
					"$(inherited)",
					"@executable_path/Frameworks",
				);
				MARKETING_VERSION = 1.0;
				PRODUCT_BUNDLE_IDENTIFIER = com.f2learn;
				PRODUCT_NAME = "$(TARGET_NAME)";
				SWIFT_EMIT_LOC_STRINGS = YES;
				SWIFT_VERSION = 5.0;
				TARGETED_DEVICE_FAMILY = "1,2";
			};
			name = Debug;
		};
		17BE621E2C93C20A00CF027C /* Release */ = {
			isa = XCBuildConfiguration;
			buildSettings = {
				ASSETCATALOG_COMPILER_APPICON_NAME = AppIcon;
				ASSETCATALOG_COMPILER_GLOBAL_ACCENT_COLOR_NAME = AccentColor;
				CODE_SIGN_STYLE = Automatic;
				CURRENT_PROJECT_VERSION = 1;
				DEVELOPMENT_ASSET_PATHS = "\"f2learn/Preview Content\"";
				ENABLE_PREVIEWS = YES;
				GENERATE_INFOPLIST_FILE = YES;
				INFOPLIST_KEY_UIApplicationSceneManifest_Generation = YES;
				INFOPLIST_KEY_UIApplicationSupportsIndirectInputEvents = YES;
				INFOPLIST_KEY_UILaunchScreen_Generation = YES;
				INFOPLIST_KEY_UISupportedInterfaceOrientations_iPad = "UIInterfaceOrientationPortrait UIInterfaceOrientationPortraitUpsideDown UIInterfaceOrientationLandscapeLeft UIInterfaceOrientationLandscapeRight";
				INFOPLIST_KEY_UISupportedInterfaceOrientations_iPhone = "UIInterfaceOrientationPortrait UIInterfaceOrientationLandscapeLeft UIInterfaceOrientationLandscapeRight";
				LD_RUNPATH_SEARCH_PATHS = (
					"$(inherited)",
					"@executable_path/Frameworks",
				);
				MARKETING_VERSION = 1.0;
				PRODUCT_BUNDLE_IDENTIFIER = com.f2learn;
				PRODUCT_NAME = "$(TARGET_NAME)";
				SWIFT_EMIT_LOC_STRINGS = YES;
				SWIFT_VERSION = 5.0;
				TARGETED_DEVICE_FAMILY = "1,2";
			};
			name = Release;
		};
		17BE62202C93C20A00CF027C /* Debug */ = {
			isa = XCBuildConfiguration;
			buildSettings = {
				ALWAYS_EMBED_SWIFT_STANDARD_LIBRARIES = YES;
				BUNDLE_LOADER = "$(TEST_HOST)";
				CODE_SIGN_STYLE = Automatic;
				CURRENT_PROJECT_VERSION = 1;
				GENERATE_INFOPLIST_FILE = YES;
				IPHONEOS_DEPLOYMENT_TARGET = 17.5;
				MARKETING_VERSION = 1.0;
				PRODUCT_BUNDLE_IDENTIFIER = com.f2learnTests;
				PRODUCT_NAME = "$(TARGET_NAME)";
				SWIFT_EMIT_LOC_STRINGS = NO;
				SWIFT_VERSION = 5.0;
				TARGETED_DEVICE_FAMILY = "1,2";
				TEST_HOST = "$(BUILT_PRODUCTS_DIR)/f2learn.app/$(BUNDLE_EXECUTABLE_FOLDER_PATH)/f2learn";
			};
			name = Debug;
		};
		17BE62212C93C20A00CF027C /* Release */ = {
			isa = XCBuildConfiguration;
			buildSettings = {
				ALWAYS_EMBED_SWIFT_STANDARD_LIBRARIES = YES;
				BUNDLE_LOADER = "$(TEST_HOST)";
				CODE_SIGN_STYLE = Automatic;
				CURRENT_PROJECT_VERSION = 1;
				GENERATE_INFOPLIST_FILE = YES;
				IPHONEOS_DEPLOYMENT_TARGET = 17.5;
				MARKETING_VERSION = 1.0;
				PRODUCT_BUNDLE_IDENTIFIER = com.f2learnTests;
				PRODUCT_NAME = "$(TARGET_NAME)";
				SWIFT_EMIT_LOC_STRINGS = NO;
				SWIFT_VERSION = 5.0;
				TARGETED_DEVICE_FAMILY = "1,2";
				TEST_HOST = "$(BUILT_PRODUCTS_DIR)/f2learn.app/$(BUNDLE_EXECUTABLE_FOLDER_PATH)/f2learn";
			};
			name = Release;
		};
		17BE62232C93C20A00CF027C /* Debug */ = {
			isa = XCBuildConfiguration;
			buildSettings = {
				ALWAYS_EMBED_SWIFT_STANDARD_LIBRARIES = YES;
				CODE_SIGN_STYLE = Automatic;
				CURRENT_PROJECT_VERSION = 1;
				GENERATE_INFOPLIST_FILE = YES;
				MARKETING_VERSION = 1.0;
				PRODUCT_BUNDLE_IDENTIFIER = com.f2learnUITests;
				PRODUCT_NAME = "$(TARGET_NAME)";
				SWIFT_EMIT_LOC_STRINGS = NO;
				SWIFT_VERSION = 5.0;
				TARGETED_DEVICE_FAMILY = "1,2";
				TEST_TARGET_NAME = f2learn;
			};
			name = Debug;
		};
		17BE62242C93C20A00CF027C /* Release */ = {
			isa = XCBuildConfiguration;
			buildSettings = {
				ALWAYS_EMBED_SWIFT_STANDARD_LIBRARIES = YES;
				CODE_SIGN_STYLE = Automatic;
				CURRENT_PROJECT_VERSION = 1;
				GENERATE_INFOPLIST_FILE = YES;
				MARKETING_VERSION = 1.0;
				PRODUCT_BUNDLE_IDENTIFIER = com.f2learnUITests;
				PRODUCT_NAME = "$(TARGET_NAME)";
				SWIFT_EMIT_LOC_STRINGS = NO;
				SWIFT_VERSION = 5.0;
				TARGETED_DEVICE_FAMILY = "1,2";
				TEST_TARGET_NAME = f2learn;
			};
			name = Release;
		};
/* End XCBuildConfiguration section */

/* Begin XCConfigurationList section */
		17BE61F32C93C20800CF027C /* Build configuration list for PBXProject "f2learn" */ = {
			isa = XCConfigurationList;
			buildConfigurations = (
				17BE621A2C93C20A00CF027C /* Debug */,
				17BE621B2C93C20A00CF027C /* Release */,
			);
			defaultConfigurationIsVisible = 0;
			defaultConfigurationName = Release;
		};
		17BE621C2C93C20A00CF027C /* Build configuration list for PBXNativeTarget "f2learn" */ = {
			isa = XCConfigurationList;
			buildConfigurations = (
				17BE621D2C93C20A00CF027C /* Debug */,
				17BE621E2C93C20A00CF027C /* Release */,
			);
			defaultConfigurationIsVisible = 0;
			defaultConfigurationName = Release;
		};
		17BE621F2C93C20A00CF027C /* Build configuration list for PBXNativeTarget "f2learnTests" */ = {
			isa = XCConfigurationList;
			buildConfigurations = (
				17BE62202C93C20A00CF027C /* Debug */,
				17BE62212C93C20A00CF027C /* Release */,
			);
			defaultConfigurationIsVisible = 0;
			defaultConfigurationName = Release;
		};
		17BE62222C93C20A00CF027C /* Build configuration list for PBXNativeTarget "f2learnUITests" */ = {
			isa = XCConfigurationList;
			buildConfigurations = (
				17BE62232C93C20A00CF027C /* Debug */,
				17BE62242C93C20A00CF027C /* Release */,
			);
			defaultConfigurationIsVisible = 0;
			defaultConfigurationName = Release;
		};
/* End XCConfigurationList section */
	};
	rootObject = 17BE61F02C93C20800CF027C /* Project object */;
}
